{
  "version": 4,
  "terraform_version": "0.14.7",
  "serial": 67,
  "lineage": "fc760462-e80f-92ba-87f8-0fae0d3cbffd",
  "outputs": {
    "cloud_provider": {
      "value": "aws",
      "type": "string"
    },
    "cluster_autoscaler_role_arn": {
      "value": "arn:aws:iam::535630329499:role/infra-vakyansh-systems-cluster-autoscaler",
      "type": "string"
    },
    "cluster_endpoint": {
      "value": "https://C0671A31926262372861D2F7E8BACDF9.sk1.ap-south-1.eks.amazonaws.com",
      "type": "string"
    },
    "cluster_name": {
      "value": "infra-vakyansh-systems",
      "type": "string"
    },
    "kubeconfig_path": {
      "value": "/Users/rajats/projects/ekstep/crowdsource-dataplatform/infra/modules/k8s/aws-eks/kubeconfig_infra-vakyansh-systems",
      "type": "string"
    },
    "region": {
      "value": "ap-south-1",
      "type": "string"
    },
    "update_kubeconfig": {
      "value": "aws eks update-kubeconfig --name infra-vakyansh-systems",
      "type": "string"
    },
    "worker_groups": {
      "value": [
        {
          "asg_desired_capacity": 2,
          "asg_max_size": 4,
          "instance_type": "t2.medium",
          "key_name": "",
          "root_volume_type": "gp2",
          "tags": [
            {
              "key": "k8s.io/cluster-autoscaler/enabled",
              "propagate_at_launch": "true",
              "value": "true"
            },
            {
              "key": "k8s.io/cluster-autoscaler/infra-vakyansh-systems",
              "propagate_at_launch": "true",
              "value": "true"
            },
            {
              "key": "project",
              "propagate_at_launch": false,
              "value": "vakyansh"
            }
          ]
        }
      ],
      "type": [
        "tuple",
        [
          [
            "object",
            {
              "asg_desired_capacity": "number",
              "asg_max_size": "number",
              "instance_type": "string",
              "key_name": "string",
              "root_volume_type": "string",
              "tags": [
                "tuple",
                [
                  [
                    "object",
                    {
                      "key": "string",
                      "propagate_at_launch": "string",
                      "value": "string"
                    }
                  ],
                  [
                    "object",
                    {
                      "key": "string",
                      "propagate_at_launch": "string",
                      "value": "string"
                    }
                  ],
                  [
                    "object",
                    {
                      "key": "string",
                      "propagate_at_launch": "bool",
                      "value": "string"
                    }
                  ]
                ]
              ]
            }
          ]
        ]
      ]
    }
  },
  "resources": [
    {
      "mode": "data",
      "type": "aws_ami",
      "name": "amazon_linux",
      "provider": "provider[\"registry.terraform.io/hashicorp/aws\"]",
      "instances": [
        {
          "schema_version": 0,
          "attributes": {
            "architecture": "x86_64",
            "arn": "arn:aws:ec2:ap-south-1::image/ami-0eeb03e72075b9bcc",
            "block_device_mappings": [
              {
                "device_name": "/dev/xvda",
                "ebs": {
                  "delete_on_termination": "true",
                  "encrypted": "false",
                  "iops": "0",
                  "snapshot_id": "snap-005428e7fd1476b7f",
                  "throughput": "0",
                  "volume_size": "8",
                  "volume_type": "gp2"
                },
                "no_device": "",
                "virtual_name": ""
              }
            ],
            "creation_date": "2021-02-20T05:01:21.000Z",
            "description": "Amazon Linux 2 AMI 2.0.20210219.0 x86_64 HVM gp2",
            "ena_support": true,
            "executable_users": null,
            "filter": [
              {
                "name": "name",
                "values": [
                  "amzn2-ami-hvm-*-x86_64-gp2"
                ]
              }
            ],
            "hypervisor": "xen",
            "id": "ami-0eeb03e72075b9bcc",
            "image_id": "ami-0eeb03e72075b9bcc",
            "image_location": "amazon/amzn2-ami-hvm-2.0.20210219.0-x86_64-gp2",
            "image_owner_alias": "amazon",
            "image_type": "machine",
            "kernel_id": null,
            "most_recent": true,
            "name": "amzn2-ami-hvm-2.0.20210219.0-x86_64-gp2",
            "name_regex": null,
            "owner_id": "137112412989",
            "owners": [
              "amazon"
            ],
            "platform": null,
            "platform_details": "Linux/UNIX",
            "product_codes": [],
            "public": true,
            "ramdisk_id": null,
            "root_device_name": "/dev/xvda",
            "root_device_type": "ebs",
            "root_snapshot_id": "snap-005428e7fd1476b7f",
            "sriov_net_support": "simple",
            "state": "available",
            "state_reason": {
              "code": "UNSET",
              "message": "UNSET"
            },
            "tags": {},
            "usage_operation": "RunInstances",
            "virtualization_type": "hvm"
          },
          "sensitive_attributes": []
        }
      ]
    },
    {
      "mode": "data",
      "type": "aws_availability_zones",
      "name": "available",
      "provider": "provider[\"registry.terraform.io/hashicorp/aws\"]",
      "instances": [
        {
          "schema_version": 0,
          "attributes": {
            "all_availability_zones": null,
            "exclude_names": null,
            "exclude_zone_ids": null,
            "filter": null,
            "group_names": [
              "ap-south-1"
            ],
            "id": "ap-south-1",
            "names": [
              "ap-south-1a",
              "ap-south-1b",
              "ap-south-1c"
            ],
            "state": null,
            "zone_ids": [
              "aps1-az1",
              "aps1-az3",
              "aps1-az2"
            ]
          },
          "sensitive_attributes": []
        }
      ]
    },
    {
      "mode": "data",
      "type": "aws_eks_cluster",
      "name": "cluster",
      "provider": "provider[\"registry.terraform.io/hashicorp/aws\"]",
      "instances": [
        {
          "schema_version": 0,
          "attributes": {
            "arn": "arn:aws:eks:ap-south-1:535630329499:cluster/infra-vakyansh-systems",
            "certificate_authority": [
              {
                "data": "LS0tLS1CRUdJTiBDRVJUSUZJQ0FURS0tLS0tCk1JSUN5RENDQWJDZ0F3SUJBZ0lCQURBTkJna3Foa2lHOXcwQkFRc0ZBREFWTVJNd0VRWURWUVFERXdwcmRXSmwKY201bGRHVnpNQjRYRFRJeE1ESXlOekUwTURBME1Gb1hEVE14TURJeU5URTBNREEwTUZvd0ZURVRNQkVHQTFVRQpBeE1LYTNWaVpYSnVaWFJsY3pDQ0FTSXdEUVlKS29aSWh2Y05BUUVCQlFBRGdnRVBBRENDQVFvQ2dnRUJBTTdzCmorYllOazlxb0I3WTJSRDZFc08yblRQWUVpQ0hZNUdCWk04UWtsUmVYbDI2dmlhUDgwMllhcGxPNFBRU2xDeWkKL0ZLYmVZM3BESFlsWm8vdXRwUGxrREhVRzVNY2FZcHNuN1RIMm9rRCs2ekZzWHNQajdMa2RyNEUzUmxLTEtESgp6NzNib04xc3lIcEIyOFViYWExRGM2UDAydW5ERGo2K1lPcEtKdkFqczZjeDV3YUs2OTBOanBYdFFlbWFTd0ZuClNIazRjVXEva3l5cU0xczJEWHZUYTIxZ2hJTGtremZmVjZQeEp1VlU0MHZEc2dzZGs5NmZoMXo0ek5YTUhzcUMKamtBejFiVmsvQUdqN1V0K1gzZkpvV210bjMzZmUxWnI2YlVMMmJoeWFCSXJYWWZrOXVEUnIrRUZBTWZCbWNEWQppUnF1K3RORWZzTnVnRVZsVk9FQ0F3RUFBYU1qTUNFd0RnWURWUjBQQVFIL0JBUURBZ0trTUE4R0ExVWRFd0VCCi93UUZNQU1CQWY4d0RRWUpLb1pJaHZjTkFRRUxCUUFEZ2dFQkFNMjNhc2xLWWk4KzdKYmpKZTU4aWFHZ3QrTjUKSTRER3lZdW5peG85TUc1cU92a3dpM0FYdUhzc3NvYi9kdmtabjNsUjRtTkRTbVNoTU8xR3dsWHNyWUlNUjEwNwpFNmdKY1RINzlNS2tnc21RRDBrWjVqTjNQdkJoQ0xLQWRhaHYzcVdVbEY4ZS9TVVhZYWdEMFNaQit3anRQVENtCnBFNWdwUDlaSjRyRnRYR1k3S051TVh2bWJ1UmMxa3dSdjRMYUFXNmRXS3hnbkRBZFN0cUpaNm56VlBxUmppSEgKV29vbXBWRkVKYXBoZzRQNjRIdkVuLzV2c0RqRWZKZzRRRnAzcGx0RnpRV01uMWtwbElRazVEVVFrdzd6QU15ZgpMSC9zZEVRQW5nc1V1VlFHNXY2U21PY0R0YkZiRnQxaG5raldTNmRqVjVWRTRSaFVPYlRYYlV3aE9CYz0KLS0tLS1FTkQgQ0VSVElGSUNBVEUtLS0tLQo="
              }
            ],
            "created_at": "2021-02-27 13:52:43.437 +0000 UTC",
            "enabled_cluster_log_types": [],
            "endpoint": "https://C0671A31926262372861D2F7E8BACDF9.sk1.ap-south-1.eks.amazonaws.com",
            "id": "infra-vakyansh-systems",
            "identity": [
              {
                "oidc": [
                  {
                    "issuer": "https://oidc.eks.ap-south-1.amazonaws.com/id/C0671A31926262372861D2F7E8BACDF9"
                  }
                ]
              }
            ],
            "kubernetes_network_config": [
              {
                "service_ipv4_cidr": "172.20.0.0/16"
              }
            ],
            "name": "infra-vakyansh-systems",
            "platform_version": "eks.3",
            "role_arn": "arn:aws:iam::535630329499:role/infra-vakyansh-systems20210227135215884200000002",
            "status": "ACTIVE",
            "tags": {},
            "version": "1.18",
            "vpc_config": [
              {
                "cluster_security_group_id": "sg-0b1d6aba42efa5d29",
                "endpoint_private_access": false,
                "endpoint_public_access": true,
                "public_access_cidrs": [
                  "0.0.0.0/0"
                ],
                "security_group_ids": [
                  "sg-064a94577d2ff7132"
                ],
                "subnet_ids": [
                  "subnet-02818a5deea42e173",
                  "subnet-0b69731468c1acaac",
                  "subnet-0c26a3394a799ac6e"
                ],
                "vpc_id": "vpc-0f25d3676071e43db"
              }
            ]
          },
          "sensitive_attributes": []
        }
      ]
    },
    {
      "mode": "data",
      "type": "aws_eks_cluster_auth",
      "name": "cluster",
      "provider": "provider[\"registry.terraform.io/hashicorp/aws\"]",
      "instances": [
        {
          "schema_version": 0,
          "attributes": {
            "id": "infra-vakyansh-systems",
            "name": "infra-vakyansh-systems",
            "token": "k8s-aws-v1.aHR0cHM6Ly9zdHMuYW1hem9uYXdzLmNvbS8_QWN0aW9uPUdldENhbGxlcklkZW50aXR5JlZlcnNpb249MjAxMS0wNi0xNSZYLUFtei1BbGdvcml0aG09QVdTNC1ITUFDLVNIQTI1NiZYLUFtei1DcmVkZW50aWFsPUFLSUFYWk5RT0cyTjRHNEFDRVFNJTJGMjAyMTAyMjclMkZ1cy1lYXN0LTElMkZzdHMlMkZhd3M0X3JlcXVlc3QmWC1BbXotRGF0ZT0yMDIxMDIyN1QxNDA0MTlaJlgtQW16LUV4cGlyZXM9MCZYLUFtei1TaWduZWRIZWFkZXJzPWhvc3QlM0J4LWs4cy1hd3MtaWQmWC1BbXotU2lnbmF0dXJlPWNkNTBjNzM4NzA5MjBhNWU3YTQ3MjQ4YzUxMmEwZjQ4ODdmNGU3YzE2NTM5Yjc0ZWM4NGRjNjIxNGY4NzI3ZTY"
          },
          "sensitive_attributes": []
        }
      ]
    },
    {
      "mode": "data",
      "type": "aws_iam_policy_document",
      "name": "cluster_autoscaler",
      "provider": "provider[\"registry.terraform.io/hashicorp/aws\"]",
      "instances": [
        {
          "schema_version": 0,
          "attributes": {
            "id": "758326580",
            "json": "{\n  \"Version\": \"2012-10-17\",\n  \"Statement\": [\n    {\n      \"Sid\": \"clusterAutoscalerAll\",\n      \"Effect\": \"Allow\",\n      \"Action\": [\n        \"ec2:DescribeLaunchTemplateVersions\",\n        \"autoscaling:DescribeTags\",\n        \"autoscaling:DescribeLaunchConfigurations\",\n        \"autoscaling:DescribeAutoScalingInstances\",\n        \"autoscaling:DescribeAutoScalingGroups\"\n      ],\n      \"Resource\": \"*\"\n    },\n    {\n      \"Sid\": \"clusterAutoscalerOwn\",\n      \"Effect\": \"Allow\",\n      \"Action\": [\n        \"autoscaling:UpdateAutoScalingGroup\",\n        \"autoscaling:TerminateInstanceInAutoScalingGroup\",\n        \"autoscaling:SetDesiredCapacity\"\n      ],\n      \"Resource\": \"*\",\n      \"Condition\": {\n        \"StringEquals\": {\n          \"autoscaling:ResourceTag/k8s.io/cluster-autoscaler/enabled\": [\n            \"true\"\n          ],\n          \"autoscaling:ResourceTag/k8s.io/cluster-autoscaler/infra-vakyansh-systems\": [\n            \"true\"\n          ]\n        }\n      }\n    }\n  ]\n}",
            "override_json": null,
            "override_policy_documents": null,
            "policy_id": null,
            "source_json": null,
            "source_policy_documents": null,
            "statement": [
              {
                "actions": [
                  "autoscaling:DescribeAutoScalingGroups",
                  "autoscaling:DescribeAutoScalingInstances",
                  "autoscaling:DescribeLaunchConfigurations",
                  "autoscaling:DescribeTags",
                  "ec2:DescribeLaunchTemplateVersions"
                ],
                "condition": [],
                "effect": "Allow",
                "not_actions": [],
                "not_principals": [],
                "not_resources": [],
                "principals": [],
                "resources": [
                  "*"
                ],
                "sid": "clusterAutoscalerAll"
              },
              {
                "actions": [
                  "autoscaling:SetDesiredCapacity",
                  "autoscaling:TerminateInstanceInAutoScalingGroup",
                  "autoscaling:UpdateAutoScalingGroup"
                ],
                "condition": [
                  {
                    "test": "StringEquals",
                    "values": [
                      "true"
                    ],
                    "variable": "autoscaling:ResourceTag/k8s.io/cluster-autoscaler/enabled"
                  },
                  {
                    "test": "StringEquals",
                    "values": [
                      "true"
                    ],
                    "variable": "autoscaling:ResourceTag/k8s.io/cluster-autoscaler/infra-vakyansh-systems"
                  }
                ],
                "effect": "Allow",
                "not_actions": [],
                "not_principals": [],
                "not_resources": [],
                "principals": [],
                "resources": [
                  "*"
                ],
                "sid": "clusterAutoscalerOwn"
              }
            ],
            "version": "2012-10-17"
          },
          "sensitive_attributes": []
        }
      ]
    },
    {
      "mode": "managed",
      "type": "aws_autoscaling_group",
      "name": "bastion",
      "provider": "provider[\"registry.terraform.io/hashicorp/aws\"]",
      "instances": [
        {
          "schema_version": 0,
          "attributes": {
            "arn": "arn:aws:autoscaling:ap-south-1:535630329499:autoScalingGroup:9558ab41-7d0a-450a-82f9-d6d5a56b065c:autoScalingGroupName/infra-vakyansh-systems-bastion-2021022713524186450000000b",
            "availability_zones": [
              "ap-south-1a",
              "ap-south-1b",
              "ap-south-1c"
            ],
            "capacity_rebalance": false,
            "default_cooldown": 300,
            "desired_capacity": 1,
            "enabled_metrics": null,
            "force_delete": true,
            "health_check_grace_period": 300,
            "health_check_type": "EC2",
            "id": "infra-vakyansh-systems-bastion-2021022713524186450000000b",
            "initial_lifecycle_hook": [],
            "instance_refresh": [],
            "launch_configuration": "",
            "launch_template": [
              {
                "id": "lt-0df77f028810a77f1",
                "name": "infra-vakyansh-systems-bastion-20210227135231967800000009",
                "version": "$Latest"
              }
            ],
            "load_balancers": null,
            "max_instance_lifetime": 0,
            "max_size": 3,
            "metrics_granularity": "1Minute",
            "min_elb_capacity": null,
            "min_size": 1,
            "mixed_instances_policy": [],
            "name": "infra-vakyansh-systems-bastion-2021022713524186450000000b",
            "name_prefix": "infra-vakyansh-systems-bastion-",
            "placement_group": "",
            "protect_from_scale_in": false,
            "service_linked_role_arn": "arn:aws:iam::535630329499:role/aws-service-role/autoscaling.amazonaws.com/AWSServiceRoleForAutoScaling",
            "suspended_processes": null,
            "tag": [],
            "tags": null,
            "target_group_arns": null,
            "termination_policies": null,
            "timeouts": null,
            "vpc_zone_identifier": [
              "subnet-001ecd3190987a1db",
              "subnet-00b4edcf683df6392",
              "subnet-067de381e7a651fc4"
            ],
            "wait_for_capacity_timeout": "10m",
            "wait_for_elb_capacity": null
          },
          "sensitive_attributes": [],
          "private": "eyJlMmJmYjczMC1lY2FhLTExZTYtOGY4OC0zNDM2M2JjN2M0YzAiOnsiZGVsZXRlIjo2MDAwMDAwMDAwMDB9fQ==",
          "dependencies": [
            "aws_launch_template.bastion",
            "aws_security_group.bastion",
            "data.aws_ami.amazon_linux",
            "data.aws_availability_zones.available",
            "module.vpc.aws_subnet.private",
            "module.vpc.aws_subnet.public",
            "module.vpc.aws_vpc.this",
            "module.vpc.aws_vpc_ipv4_cidr_block_association.this"
          ],
          "create_before_destroy": true
        }
      ]
    },
    {
      "mode": "managed",
      "type": "aws_iam_policy",
      "name": "cluster_autoscaler",
      "provider": "provider[\"registry.terraform.io/hashicorp/aws\"]",
      "instances": [
        {
          "schema_version": 0,
          "attributes": {
            "arn": "arn:aws:iam::535630329499:policy/cluster-autoscaler2021022714041927190000000d",
            "description": "EKS cluster-autoscaler policy for cluster infra-vakyansh-systems",
            "id": "arn:aws:iam::535630329499:policy/cluster-autoscaler2021022714041927190000000d",
            "name": "cluster-autoscaler2021022714041927190000000d",
            "name_prefix": "cluster-autoscaler",
            "path": "/",
            "policy": "{\n  \"Version\": \"2012-10-17\",\n  \"Statement\": [\n    {\n      \"Sid\": \"clusterAutoscalerAll\",\n      \"Effect\": \"Allow\",\n      \"Action\": [\n        \"ec2:DescribeLaunchTemplateVersions\",\n        \"autoscaling:DescribeTags\",\n        \"autoscaling:DescribeLaunchConfigurations\",\n        \"autoscaling:DescribeAutoScalingInstances\",\n        \"autoscaling:DescribeAutoScalingGroups\"\n      ],\n      \"Resource\": \"*\"\n    },\n    {\n      \"Sid\": \"clusterAutoscalerOwn\",\n      \"Effect\": \"Allow\",\n      \"Action\": [\n        \"autoscaling:UpdateAutoScalingGroup\",\n        \"autoscaling:TerminateInstanceInAutoScalingGroup\",\n        \"autoscaling:SetDesiredCapacity\"\n      ],\n      \"Resource\": \"*\",\n      \"Condition\": {\n        \"StringEquals\": {\n          \"autoscaling:ResourceTag/k8s.io/cluster-autoscaler/enabled\": [\n            \"true\"\n          ],\n          \"autoscaling:ResourceTag/k8s.io/cluster-autoscaler/infra-vakyansh-systems\": [\n            \"true\"\n          ]\n        }\n      }\n    }\n  ]\n}"
          },
          "sensitive_attributes": [],
          "private": "bnVsbA==",
          "dependencies": [
            "data.aws_availability_zones.available",
            "data.aws_iam_policy_document.cluster_autoscaler",
            "module.eks-cluster.aws_cloudwatch_log_group.this",
            "module.eks-cluster.aws_eks_cluster.this",
            "module.eks-cluster.aws_iam_role.cluster",
            "module.eks-cluster.aws_iam_role_policy_attachment.cluster_AmazonEKSClusterPolicy",
            "module.eks-cluster.aws_iam_role_policy_attachment.cluster_AmazonEKSServicePolicy",
            "module.eks-cluster.aws_iam_role_policy_attachment.cluster_AmazonEKSVPCResourceControllerPolicy",
            "module.eks-cluster.aws_security_group.cluster",
            "module.eks-cluster.aws_security_group.workers",
            "module.eks-cluster.aws_security_group_rule.cluster_egress_internet",
            "module.eks-cluster.aws_security_group_rule.cluster_https_worker_ingress",
            "module.eks-cluster.aws_security_group_rule.cluster_private_access",
            "module.eks-cluster.data.aws_iam_policy_document.cluster_assume_role_policy",
            "module.eks-cluster.data.aws_iam_role.custom_cluster_iam_role",
            "module.eks-cluster.data.aws_partition.current",
            "module.eks-cluster.null_resource.wait_for_cluster",
            "module.vpc.aws_subnet.private",
            "module.vpc.aws_subnet.public",
            "module.vpc.aws_vpc.this",
            "module.vpc.aws_vpc_ipv4_cidr_block_association.this"
          ]
        }
      ]
    },
    {
      "mode": "managed",
      "type": "aws_launch_template",
      "name": "bastion",
      "provider": "provider[\"registry.terraform.io/hashicorp/aws\"]",
      "instances": [
        {
          "schema_version": 0,
          "attributes": {
            "arn": "arn:aws:ec2:ap-south-1:535630329499:launch-template/lt-0df77f028810a77f1",
            "block_device_mappings": [],
            "capacity_reservation_specification": [],
            "cpu_options": [],
            "credit_specification": [],
            "default_version": 1,
            "description": "",
            "disable_api_termination": false,
            "ebs_optimized": "",
            "elastic_gpu_specifications": [],
            "elastic_inference_accelerator": [],
            "enclave_options": [],
            "hibernation_options": [],
            "iam_instance_profile": [],
            "id": "lt-0df77f028810a77f1",
            "image_id": "ami-0eeb03e72075b9bcc",
            "instance_initiated_shutdown_behavior": "",
            "instance_market_options": [],
            "instance_type": "t2.micro",
            "kernel_id": "",
            "key_name": "",
            "latest_version": 1,
            "license_specification": [],
            "metadata_options": [],
            "monitoring": [
              {
                "enabled": true
              }
            ],
            "name": "infra-vakyansh-systems-bastion-20210227135231967800000009",
            "name_prefix": "infra-vakyansh-systems-bastion-",
            "network_interfaces": [
              {
                "associate_carrier_ip_address": "",
                "associate_public_ip_address": "true",
                "delete_on_termination": "true",
                "description": "",
                "device_index": 0,
                "ipv4_address_count": 0,
                "ipv4_addresses": null,
                "ipv6_address_count": 0,
                "ipv6_addresses": null,
                "network_interface_id": "",
                "private_ip_address": "",
                "security_groups": [
                  "sg-0d15c7a05c162f3bf"
                ],
                "subnet_id": ""
              }
            ],
            "placement": [],
            "ram_disk_id": "",
            "security_group_names": null,
            "tag_specifications": [
              {
                "resource_type": "instance",
                "tags": {
                  "Name": "infra-vakyansh-systems-bastion"
                }
              }
            ],
            "tags": null,
            "update_default_version": null,
            "user_data": "",
            "vpc_security_group_ids": null
          },
          "sensitive_attributes": [],
          "private": "bnVsbA==",
          "dependencies": [
            "aws_security_group.bastion",
            "data.aws_ami.amazon_linux",
            "module.vpc.aws_vpc.this"
          ],
          "create_before_destroy": true
        }
      ]
    },
    {
      "mode": "managed",
      "type": "aws_security_group",
      "name": "bastion",
      "provider": "provider[\"registry.terraform.io/hashicorp/aws\"]",
      "instances": [
        {
          "index_key": 0,
          "schema_version": 1,
          "attributes": {
            "arn": "arn:aws:ec2:ap-south-1:535630329499:security-group/sg-0d15c7a05c162f3bf",
            "description": "Enable SSH access to the bastion host from external via SSH port",
            "egress": [
              {
                "cidr_blocks": [
                  "0.0.0.0/0"
                ],
                "description": "",
                "from_port": 0,
                "ipv6_cidr_blocks": [],
                "prefix_list_ids": [],
                "protocol": "-1",
                "security_groups": [],
                "self": false,
                "to_port": 0
              }
            ],
            "id": "sg-0d15c7a05c162f3bf",
            "ingress": [
              {
                "cidr_blocks": [
                  "0.0.0.0/0"
                ],
                "description": "",
                "from_port": 22,
                "ipv6_cidr_blocks": [],
                "prefix_list_ids": [],
                "protocol": "tcp",
                "security_groups": [],
                "self": false,
                "to_port": 22
              }
            ],
            "name": "infra-vakyansh-systems-bastion-security-group",
            "name_prefix": "",
            "owner_id": "535630329499",
            "revoke_rules_on_delete": false,
            "tags": null,
            "timeouts": null,
            "vpc_id": "vpc-0f25d3676071e43db"
          },
          "sensitive_attributes": [],
          "private": "eyJlMmJmYjczMC1lY2FhLTExZTYtOGY4OC0zNDM2M2JjN2M0YzAiOnsiY3JlYXRlIjo2MDAwMDAwMDAwMDAsImRlbGV0ZSI6NjAwMDAwMDAwMDAwfSwic2NoZW1hX3ZlcnNpb24iOiIxIn0=",
          "dependencies": [
            "module.vpc.aws_vpc.this"
          ],
          "create_before_destroy": true
        }
      ]
    },
    {
      "mode": "managed",
      "type": "aws_security_group",
      "name": "private-instances",
      "provider": "provider[\"registry.terraform.io/hashicorp/aws\"]",
      "instances": [
        {
          "schema_version": 1,
          "attributes": {
            "arn": "arn:aws:ec2:ap-south-1:535630329499:security-group/sg-0014c40cbf38c5be1",
            "description": "Enable SSH access to the Private instances from the bastion via SSH port",
            "egress": [],
            "id": "sg-0014c40cbf38c5be1",
            "ingress": [
              {
                "cidr_blocks": [],
                "description": "",
                "from_port": 22,
                "ipv6_cidr_blocks": [],
                "prefix_list_ids": [],
                "protocol": "tcp",
                "security_groups": [
                  "sg-0d15c7a05c162f3bf"
                ],
                "self": false,
                "to_port": 22
              }
            ],
            "name": "infra-vakyansh-systems-workers-security-group",
            "name_prefix": "",
            "owner_id": "535630329499",
            "revoke_rules_on_delete": false,
            "tags": null,
            "timeouts": null,
            "vpc_id": "vpc-0f25d3676071e43db"
          },
          "sensitive_attributes": [],
          "private": "eyJlMmJmYjczMC1lY2FhLTExZTYtOGY4OC0zNDM2M2JjN2M0YzAiOnsiY3JlYXRlIjo2MDAwMDAwMDAwMDAsImRlbGV0ZSI6NjAwMDAwMDAwMDAwfSwic2NoZW1hX3ZlcnNpb24iOiIxIn0=",
          "dependencies": [
            "aws_security_group.bastion",
            "module.vpc.aws_vpc.this"
          ],
          "create_before_destroy": true
        }
      ]
    },
    {
      "module": "module.eks-cluster",
      "mode": "data",
      "type": "aws_ami",
      "name": "eks_worker",
      "provider": "provider[\"registry.terraform.io/hashicorp/aws\"]",
      "instances": [
        {
          "schema_version": 0,
          "attributes": {
            "architecture": "x86_64",
            "arn": "arn:aws:ec2:ap-south-1::image/ami-08a602b0877a97d07",
            "block_device_mappings": [
              {
                "device_name": "/dev/xvda",
                "ebs": {
                  "delete_on_termination": "true",
                  "encrypted": "false",
                  "iops": "0",
                  "snapshot_id": "snap-06b4d8f08658afc07",
                  "throughput": "0",
                  "volume_size": "20",
                  "volume_type": "gp2"
                },
                "no_device": "",
                "virtual_name": ""
              }
            ],
            "creation_date": "2021-02-09T00:24:58.000Z",
            "description": "EKS Kubernetes Worker AMI with AmazonLinux2 image, (k8s: 1.18.9, docker: 19.03.6ce-4.amzn2, containerd: 1.4.1-2.amzn2)",
            "ena_support": true,
            "executable_users": null,
            "filter": [
              {
                "name": "name",
                "values": [
                  "amazon-eks-node-1.18-v*"
                ]
              }
            ],
            "hypervisor": "xen",
            "id": "ami-08a602b0877a97d07",
            "image_id": "ami-08a602b0877a97d07",
            "image_location": "amazon/amazon-eks-node-1.18-v20210208",
            "image_owner_alias": "amazon",
            "image_type": "machine",
            "kernel_id": null,
            "most_recent": true,
            "name": "amazon-eks-node-1.18-v20210208",
            "name_regex": null,
            "owner_id": "602401143452",
            "owners": [
              "amazon"
            ],
            "platform": null,
            "platform_details": "Linux/UNIX",
            "product_codes": [],
            "public": true,
            "ramdisk_id": null,
            "root_device_name": "/dev/xvda",
            "root_device_type": "ebs",
            "root_snapshot_id": "snap-06b4d8f08658afc07",
            "sriov_net_support": "simple",
            "state": "available",
            "state_reason": {
              "code": "UNSET",
              "message": "UNSET"
            },
            "tags": {},
            "usage_operation": "RunInstances",
            "virtualization_type": "hvm"
          },
          "sensitive_attributes": []
        }
      ]
    },
    {
      "module": "module.eks-cluster",
      "mode": "data",
      "type": "aws_ami",
      "name": "eks_worker_windows",
      "provider": "provider[\"registry.terraform.io/hashicorp/aws\"]",
      "instances": [
        {
          "schema_version": 0,
          "attributes": {
            "architecture": "x86_64",
            "arn": "arn:aws:ec2:ap-south-1::image/ami-0b1f9acf265a57ca6",
            "block_device_mappings": [
              {
                "device_name": "/dev/sda1",
                "ebs": {
                  "delete_on_termination": "true",
                  "encrypted": "false",
                  "iops": "0",
                  "snapshot_id": "snap-0df2fd95b91d6bc13",
                  "throughput": "0",
                  "volume_size": "50",
                  "volume_type": "gp2"
                },
                "no_device": "",
                "virtual_name": ""
              },
              {
                "device_name": "xvdca",
                "ebs": {},
                "no_device": "",
                "virtual_name": "ephemeral0"
              },
              {
                "device_name": "xvdcb",
                "ebs": {},
                "no_device": "",
                "virtual_name": "ephemeral1"
              },
              {
                "device_name": "xvdcc",
                "ebs": {},
                "no_device": "",
                "virtual_name": "ephemeral2"
              },
              {
                "device_name": "xvdcd",
                "ebs": {},
                "no_device": "",
                "virtual_name": "ephemeral3"
              },
              {
                "device_name": "xvdce",
                "ebs": {},
                "no_device": "",
                "virtual_name": "ephemeral4"
              },
              {
                "device_name": "xvdcf",
                "ebs": {},
                "no_device": "",
                "virtual_name": "ephemeral5"
              },
              {
                "device_name": "xvdcg",
                "ebs": {},
                "no_device": "",
                "virtual_name": "ephemeral6"
              },
              {
                "device_name": "xvdch",
                "ebs": {},
                "no_device": "",
                "virtual_name": "ephemeral7"
              },
              {
                "device_name": "xvdci",
                "ebs": {},
                "no_device": "",
                "virtual_name": "ephemeral8"
              },
              {
                "device_name": "xvdcj",
                "ebs": {},
                "no_device": "",
                "virtual_name": "ephemeral9"
              },
              {
                "device_name": "xvdck",
                "ebs": {},
                "no_device": "",
                "virtual_name": "ephemeral10"
              },
              {
                "device_name": "xvdcl",
                "ebs": {},
                "no_device": "",
                "virtual_name": "ephemeral11"
              },
              {
                "device_name": "xvdcm",
                "ebs": {},
                "no_device": "",
                "virtual_name": "ephemeral12"
              },
              {
                "device_name": "xvdcn",
                "ebs": {},
                "no_device": "",
                "virtual_name": "ephemeral13"
              },
              {
                "device_name": "xvdco",
                "ebs": {},
                "no_device": "",
                "virtual_name": "ephemeral14"
              },
              {
                "device_name": "xvdcp",
                "ebs": {},
                "no_device": "",
                "virtual_name": "ephemeral15"
              },
              {
                "device_name": "xvdcq",
                "ebs": {},
                "no_device": "",
                "virtual_name": "ephemeral16"
              },
              {
                "device_name": "xvdcr",
                "ebs": {},
                "no_device": "",
                "virtual_name": "ephemeral17"
              },
              {
                "device_name": "xvdcs",
                "ebs": {},
                "no_device": "",
                "virtual_name": "ephemeral18"
              },
              {
                "device_name": "xvdct",
                "ebs": {},
                "no_device": "",
                "virtual_name": "ephemeral19"
              },
              {
                "device_name": "xvdcu",
                "ebs": {},
                "no_device": "",
                "virtual_name": "ephemeral20"
              },
              {
                "device_name": "xvdcv",
                "ebs": {},
                "no_device": "",
                "virtual_name": "ephemeral21"
              },
              {
                "device_name": "xvdcw",
                "ebs": {},
                "no_device": "",
                "virtual_name": "ephemeral22"
              },
              {
                "device_name": "xvdcx",
                "ebs": {},
                "no_device": "",
                "virtual_name": "ephemeral23"
              },
              {
                "device_name": "xvdcy",
                "ebs": {},
                "no_device": "",
                "virtual_name": "ephemeral24"
              },
              {
                "device_name": "xvdcz",
                "ebs": {},
                "no_device": "",
                "virtual_name": "ephemeral25"
              }
            ],
            "creation_date": "2021-02-11T18:34:07.000Z",
            "description": "Microsoft Windows Server 2019 Core optimized for EKS and provided by Amazon",
            "ena_support": true,
            "executable_users": null,
            "filter": [
              {
                "name": "name",
                "values": [
                  "Windows_Server-2019-English-Core-EKS_Optimized-1.18-*"
                ]
              },
              {
                "name": "platform",
                "values": [
                  "windows"
                ]
              }
            ],
            "hypervisor": "xen",
            "id": "ami-0b1f9acf265a57ca6",
            "image_id": "ami-0b1f9acf265a57ca6",
            "image_location": "amazon/Windows_Server-2019-English-Core-EKS_Optimized-1.18-2021.02.10",
            "image_owner_alias": "amazon",
            "image_type": "machine",
            "kernel_id": null,
            "most_recent": true,
            "name": "Windows_Server-2019-English-Core-EKS_Optimized-1.18-2021.02.10",
            "name_regex": null,
            "owner_id": "801119661308",
            "owners": [
              "amazon"
            ],
            "platform": "windows",
            "platform_details": "Windows",
            "product_codes": [],
            "public": true,
            "ramdisk_id": null,
            "root_device_name": "/dev/sda1",
            "root_device_type": "ebs",
            "root_snapshot_id": "snap-0df2fd95b91d6bc13",
            "sriov_net_support": "simple",
            "state": "available",
            "state_reason": {
              "code": "UNSET",
              "message": "UNSET"
            },
            "tags": {},
            "usage_operation": "RunInstances:0002",
            "virtualization_type": "hvm"
          },
          "sensitive_attributes": []
        }
      ]
    },
    {
      "module": "module.eks-cluster",
      "mode": "data",
      "type": "aws_caller_identity",
      "name": "current",
      "provider": "provider[\"registry.terraform.io/hashicorp/aws\"]",
      "instances": [
        {
          "schema_version": 0,
          "attributes": {
            "account_id": "535630329499",
            "arn": "arn:aws:iam::535630329499:user/RajatSinghal",
            "id": "535630329499",
            "user_id": "AIDAXZNQOG2N7U2VB3MQV"
          },
          "sensitive_attributes": []
        }
      ]
    },
    {
      "module": "module.eks-cluster",
      "mode": "data",
      "type": "aws_iam_policy_document",
      "name": "cluster_assume_role_policy",
      "provider": "provider[\"registry.terraform.io/hashicorp/aws\"]",
      "instances": [
        {
          "schema_version": 0,
          "attributes": {
            "id": "2764486067",
            "json": "{\n  \"Version\": \"2012-10-17\",\n  \"Statement\": [\n    {\n      \"Sid\": \"EKSClusterAssumeRole\",\n      \"Effect\": \"Allow\",\n      \"Action\": \"sts:AssumeRole\",\n      \"Principal\": {\n        \"Service\": \"eks.amazonaws.com\"\n      }\n    }\n  ]\n}",
            "override_json": null,
            "override_policy_documents": null,
            "policy_id": null,
            "source_json": null,
            "source_policy_documents": null,
            "statement": [
              {
                "actions": [
                  "sts:AssumeRole"
                ],
                "condition": [],
                "effect": "Allow",
                "not_actions": [],
                "not_principals": [],
                "not_resources": [],
                "principals": [
                  {
                    "identifiers": [
                      "eks.amazonaws.com"
                    ],
                    "type": "Service"
                  }
                ],
                "resources": [],
                "sid": "EKSClusterAssumeRole"
              }
            ],
            "version": "2012-10-17"
          },
          "sensitive_attributes": []
        }
      ]
    },
    {
      "module": "module.eks-cluster",
      "mode": "data",
      "type": "aws_iam_policy_document",
      "name": "cluster_elb_sl_role_creation",
      "provider": "provider[\"registry.terraform.io/hashicorp/aws\"]",
      "instances": [
        {
          "index_key": 0,
          "schema_version": 0,
          "attributes": {
            "id": "3407219844",
            "json": "{\n  \"Version\": \"2012-10-17\",\n  \"Statement\": [\n    {\n      \"Sid\": \"\",\n      \"Effect\": \"Allow\",\n      \"Action\": [\n        \"ec2:DescribeInternetGateways\",\n        \"ec2:DescribeAccountAttributes\"\n      ],\n      \"Resource\": \"*\"\n    }\n  ]\n}",
            "override_json": null,
            "override_policy_documents": null,
            "policy_id": null,
            "source_json": null,
            "source_policy_documents": null,
            "statement": [
              {
                "actions": [
                  "ec2:DescribeAccountAttributes",
                  "ec2:DescribeInternetGateways"
                ],
                "condition": [],
                "effect": "Allow",
                "not_actions": [],
                "not_principals": [],
                "not_resources": [],
                "principals": [],
                "resources": [
                  "*"
                ],
                "sid": ""
              }
            ],
            "version": "2012-10-17"
          },
          "sensitive_attributes": []
        }
      ]
    },
    {
      "module": "module.eks-cluster",
      "mode": "data",
      "type": "aws_iam_policy_document",
      "name": "workers_assume_role_policy",
      "provider": "provider[\"registry.terraform.io/hashicorp/aws\"]",
      "instances": [
        {
          "schema_version": 0,
          "attributes": {
            "id": "3778018924",
            "json": "{\n  \"Version\": \"2012-10-17\",\n  \"Statement\": [\n    {\n      \"Sid\": \"EKSWorkerAssumeRole\",\n      \"Effect\": \"Allow\",\n      \"Action\": \"sts:AssumeRole\",\n      \"Principal\": {\n        \"Service\": \"ec2.amazonaws.com\"\n      }\n    }\n  ]\n}",
            "override_json": null,
            "override_policy_documents": null,
            "policy_id": null,
            "source_json": null,
            "source_policy_documents": null,
            "statement": [
              {
                "actions": [
                  "sts:AssumeRole"
                ],
                "condition": [],
                "effect": "Allow",
                "not_actions": [],
                "not_principals": [],
                "not_resources": [],
                "principals": [
                  {
                    "identifiers": [
                      "ec2.amazonaws.com"
                    ],
                    "type": "Service"
                  }
                ],
                "resources": [],
                "sid": "EKSWorkerAssumeRole"
              }
            ],
            "version": "2012-10-17"
          },
          "sensitive_attributes": []
        }
      ]
    },
    {
      "module": "module.eks-cluster",
      "mode": "data",
      "type": "aws_partition",
      "name": "current",
      "provider": "provider[\"registry.terraform.io/hashicorp/aws\"]",
      "instances": [
        {
          "schema_version": 0,
          "attributes": {
            "dns_suffix": "amazonaws.com",
            "id": "aws",
            "partition": "aws",
            "reverse_dns_prefix": "com.amazonaws"
          },
          "sensitive_attributes": []
        }
      ]
    },
    {
      "module": "module.eks-cluster",
      "mode": "data",
      "type": "template_file",
      "name": "userdata",
      "provider": "provider[\"registry.terraform.io/hashicorp/template\"]",
      "instances": [
        {
          "index_key": 0,
          "schema_version": 0,
          "attributes": {
            "filename": null,
            "id": "2356326de8c277bc1fbf42d63dd271609efb1057d41f937b386baeda86bf1795",
            "rendered": "#!/bin/bash -e\n\n# Allow user supplied pre userdata code\n\n\n# Bootstrap and join the cluster\n/etc/eks/bootstrap.sh --b64-cluster-ca 'LS0tLS1CRUdJTiBDRVJUSUZJQ0FURS0tLS0tCk1JSUN5RENDQWJDZ0F3SUJBZ0lCQURBTkJna3Foa2lHOXcwQkFRc0ZBREFWTVJNd0VRWURWUVFERXdwcmRXSmwKY201bGRHVnpNQjRYRFRJeE1ESXlOekUwTURBME1Gb1hEVE14TURJeU5URTBNREEwTUZvd0ZURVRNQkVHQTFVRQpBeE1LYTNWaVpYSnVaWFJsY3pDQ0FTSXdEUVlKS29aSWh2Y05BUUVCQlFBRGdnRVBBRENDQVFvQ2dnRUJBTTdzCmorYllOazlxb0I3WTJSRDZFc08yblRQWUVpQ0hZNUdCWk04UWtsUmVYbDI2dmlhUDgwMllhcGxPNFBRU2xDeWkKL0ZLYmVZM3BESFlsWm8vdXRwUGxrREhVRzVNY2FZcHNuN1RIMm9rRCs2ekZzWHNQajdMa2RyNEUzUmxLTEtESgp6NzNib04xc3lIcEIyOFViYWExRGM2UDAydW5ERGo2K1lPcEtKdkFqczZjeDV3YUs2OTBOanBYdFFlbWFTd0ZuClNIazRjVXEva3l5cU0xczJEWHZUYTIxZ2hJTGtremZmVjZQeEp1VlU0MHZEc2dzZGs5NmZoMXo0ek5YTUhzcUMKamtBejFiVmsvQUdqN1V0K1gzZkpvV210bjMzZmUxWnI2YlVMMmJoeWFCSXJYWWZrOXVEUnIrRUZBTWZCbWNEWQppUnF1K3RORWZzTnVnRVZsVk9FQ0F3RUFBYU1qTUNFd0RnWURWUjBQQVFIL0JBUURBZ0trTUE4R0ExVWRFd0VCCi93UUZNQU1CQWY4d0RRWUpLb1pJaHZjTkFRRUxCUUFEZ2dFQkFNMjNhc2xLWWk4KzdKYmpKZTU4aWFHZ3QrTjUKSTRER3lZdW5peG85TUc1cU92a3dpM0FYdUhzc3NvYi9kdmtabjNsUjRtTkRTbVNoTU8xR3dsWHNyWUlNUjEwNwpFNmdKY1RINzlNS2tnc21RRDBrWjVqTjNQdkJoQ0xLQWRhaHYzcVdVbEY4ZS9TVVhZYWdEMFNaQit3anRQVENtCnBFNWdwUDlaSjRyRnRYR1k3S051TVh2bWJ1UmMxa3dSdjRMYUFXNmRXS3hnbkRBZFN0cUpaNm56VlBxUmppSEgKV29vbXBWRkVKYXBoZzRQNjRIdkVuLzV2c0RqRWZKZzRRRnAzcGx0RnpRV01uMWtwbElRazVEVVFrdzd6QU15ZgpMSC9zZEVRQW5nc1V1VlFHNXY2U21PY0R0YkZiRnQxaG5raldTNmRqVjVWRTRSaFVPYlRYYlV3aE9CYz0KLS0tLS1FTkQgQ0VSVElGSUNBVEUtLS0tLQo=' --apiserver-endpoint 'https://C0671A31926262372861D2F7E8BACDF9.sk1.ap-south-1.eks.amazonaws.com'  --kubelet-extra-args \"\" 'infra-vakyansh-systems'\n\n# Allow user supplied userdata code\n\n",
            "template": "#!/bin/bash -e\n\n# Allow user supplied pre userdata code\n${pre_userdata}\n\n# Bootstrap and join the cluster\n/etc/eks/bootstrap.sh --b64-cluster-ca '${cluster_auth_base64}' --apiserver-endpoint '${endpoint}' ${bootstrap_extra_args} --kubelet-extra-args \"${kubelet_extra_args}\" '${cluster_name}'\n\n# Allow user supplied userdata code\n${additional_userdata}\n",
            "vars": {
              "additional_userdata": "",
              "bootstrap_extra_args": "",
              "cluster_auth_base64": "LS0tLS1CRUdJTiBDRVJUSUZJQ0FURS0tLS0tCk1JSUN5RENDQWJDZ0F3SUJBZ0lCQURBTkJna3Foa2lHOXcwQkFRc0ZBREFWTVJNd0VRWURWUVFERXdwcmRXSmwKY201bGRHVnpNQjRYRFRJeE1ESXlOekUwTURBME1Gb1hEVE14TURJeU5URTBNREEwTUZvd0ZURVRNQkVHQTFVRQpBeE1LYTNWaVpYSnVaWFJsY3pDQ0FTSXdEUVlKS29aSWh2Y05BUUVCQlFBRGdnRVBBRENDQVFvQ2dnRUJBTTdzCmorYllOazlxb0I3WTJSRDZFc08yblRQWUVpQ0hZNUdCWk04UWtsUmVYbDI2dmlhUDgwMllhcGxPNFBRU2xDeWkKL0ZLYmVZM3BESFlsWm8vdXRwUGxrREhVRzVNY2FZcHNuN1RIMm9rRCs2ekZzWHNQajdMa2RyNEUzUmxLTEtESgp6NzNib04xc3lIcEIyOFViYWExRGM2UDAydW5ERGo2K1lPcEtKdkFqczZjeDV3YUs2OTBOanBYdFFlbWFTd0ZuClNIazRjVXEva3l5cU0xczJEWHZUYTIxZ2hJTGtremZmVjZQeEp1VlU0MHZEc2dzZGs5NmZoMXo0ek5YTUhzcUMKamtBejFiVmsvQUdqN1V0K1gzZkpvV210bjMzZmUxWnI2YlVMMmJoeWFCSXJYWWZrOXVEUnIrRUZBTWZCbWNEWQppUnF1K3RORWZzTnVnRVZsVk9FQ0F3RUFBYU1qTUNFd0RnWURWUjBQQVFIL0JBUURBZ0trTUE4R0ExVWRFd0VCCi93UUZNQU1CQWY4d0RRWUpLb1pJaHZjTkFRRUxCUUFEZ2dFQkFNMjNhc2xLWWk4KzdKYmpKZTU4aWFHZ3QrTjUKSTRER3lZdW5peG85TUc1cU92a3dpM0FYdUhzc3NvYi9kdmtabjNsUjRtTkRTbVNoTU8xR3dsWHNyWUlNUjEwNwpFNmdKY1RINzlNS2tnc21RRDBrWjVqTjNQdkJoQ0xLQWRhaHYzcVdVbEY4ZS9TVVhZYWdEMFNaQit3anRQVENtCnBFNWdwUDlaSjRyRnRYR1k3S051TVh2bWJ1UmMxa3dSdjRMYUFXNmRXS3hnbkRBZFN0cUpaNm56VlBxUmppSEgKV29vbXBWRkVKYXBoZzRQNjRIdkVuLzV2c0RqRWZKZzRRRnAzcGx0RnpRV01uMWtwbElRazVEVVFrdzd6QU15ZgpMSC9zZEVRQW5nc1V1VlFHNXY2U21PY0R0YkZiRnQxaG5raldTNmRqVjVWRTRSaFVPYlRYYlV3aE9CYz0KLS0tLS1FTkQgQ0VSVElGSUNBVEUtLS0tLQo=",
              "cluster_name": "infra-vakyansh-systems",
              "endpoint": "https://C0671A31926262372861D2F7E8BACDF9.sk1.ap-south-1.eks.amazonaws.com",
              "kubelet_extra_args": "",
              "platform": "linux",
              "pre_userdata": ""
            }
          },
          "sensitive_attributes": []
        }
      ]
    },
    {
      "module": "module.eks-cluster",
      "mode": "managed",
      "type": "aws_autoscaling_group",
      "name": "workers",
      "provider": "provider[\"registry.terraform.io/hashicorp/aws\"]",
      "instances": [
        {
          "index_key": 0,
          "schema_version": 0,
          "attributes": {
            "arn": "arn:aws:autoscaling:ap-south-1:535630329499:autoScalingGroup:cfb20bca-b42e-4d19-bfe1-104ab14080b6:autoScalingGroupName/infra-vakyansh-systems-020210227140436557800000014",
            "availability_zones": [
              "ap-south-1a",
              "ap-south-1b",
              "ap-south-1c"
            ],
            "capacity_rebalance": false,
            "default_cooldown": 300,
            "desired_capacity": 2,
            "enabled_metrics": null,
            "force_delete": false,
            "health_check_grace_period": 300,
            "health_check_type": "EC2",
            "id": "infra-vakyansh-systems-020210227140436557800000014",
            "initial_lifecycle_hook": [],
            "instance_refresh": [],
            "launch_configuration": "infra-vakyansh-systems-020210227140427138500000013",
            "launch_template": [],
            "load_balancers": null,
            "max_instance_lifetime": 0,
            "max_size": 4,
            "metrics_granularity": "1Minute",
            "min_elb_capacity": null,
            "min_size": 1,
            "mixed_instances_policy": [],
            "name": "infra-vakyansh-systems-020210227140436557800000014",
            "name_prefix": "infra-vakyansh-systems-0",
            "placement_group": "",
            "protect_from_scale_in": false,
            "service_linked_role_arn": "arn:aws:iam::535630329499:role/aws-service-role/autoscaling.amazonaws.com/AWSServiceRoleForAutoScaling",
            "suspended_processes": [
              "AZRebalance"
            ],
            "tag": [
              {
                "key": "Name",
                "propagate_at_launch": true,
                "value": "infra-vakyansh-systems-0-eks_asg"
              },
              {
                "key": "k8s.io/cluster-autoscaler/enabled",
                "propagate_at_launch": true,
                "value": "true"
              },
              {
                "key": "k8s.io/cluster-autoscaler/infra-vakyansh-systems",
                "propagate_at_launch": true,
                "value": "true"
              },
              {
                "key": "k8s.io/cluster/infra-vakyansh-systems",
                "propagate_at_launch": true,
                "value": "owned"
              },
              {
                "key": "kubernetes.io/cluster/infra-vakyansh-systems",
                "propagate_at_launch": true,
                "value": "owned"
              },
              {
                "key": "project",
                "propagate_at_launch": false,
                "value": "vakyansh"
              }
            ],
            "tags": null,
            "target_group_arns": null,
            "termination_policies": [],
            "timeouts": null,
            "vpc_zone_identifier": [
              "subnet-02818a5deea42e173",
              "subnet-0b69731468c1acaac",
              "subnet-0c26a3394a799ac6e"
            ],
            "wait_for_capacity_timeout": "10m",
            "wait_for_elb_capacity": null
          },
          "sensitive_attributes": [],
          "private": "eyJlMmJmYjczMC1lY2FhLTExZTYtOGY4OC0zNDM2M2JjN2M0YzAiOnsiZGVsZXRlIjo2MDAwMDAwMDAwMDB9fQ==",
          "dependencies": [
            "aws_security_group.bastion",
            "aws_security_group.private-instances",
            "data.aws_availability_zones.available",
            "module.eks-cluster.aws_cloudwatch_log_group.this",
            "module.eks-cluster.aws_eks_cluster.this",
            "module.eks-cluster.aws_iam_instance_profile.workers",
            "module.eks-cluster.aws_iam_role.cluster",
            "module.eks-cluster.aws_iam_role.workers",
            "module.eks-cluster.aws_iam_role_policy_attachment.cluster_AmazonEKSClusterPolicy",
            "module.eks-cluster.aws_iam_role_policy_attachment.cluster_AmazonEKSServicePolicy",
            "module.eks-cluster.aws_iam_role_policy_attachment.cluster_AmazonEKSVPCResourceControllerPolicy",
            "module.eks-cluster.aws_iam_role_policy_attachment.workers_AmazonEC2ContainerRegistryReadOnly",
            "module.eks-cluster.aws_iam_role_policy_attachment.workers_AmazonEKSWorkerNodePolicy",
            "module.eks-cluster.aws_iam_role_policy_attachment.workers_AmazonEKS_CNI_Policy",
            "module.eks-cluster.aws_iam_role_policy_attachment.workers_additional_policies",
            "module.eks-cluster.aws_launch_configuration.workers",
            "module.eks-cluster.aws_security_group.cluster",
            "module.eks-cluster.aws_security_group.workers",
            "module.eks-cluster.aws_security_group_rule.cluster_egress_internet",
            "module.eks-cluster.aws_security_group_rule.cluster_https_worker_ingress",
            "module.eks-cluster.aws_security_group_rule.cluster_primary_ingress_workers",
            "module.eks-cluster.aws_security_group_rule.workers_egress_internet",
            "module.eks-cluster.aws_security_group_rule.workers_ingress_cluster",
            "module.eks-cluster.aws_security_group_rule.workers_ingress_cluster_https",
            "module.eks-cluster.aws_security_group_rule.workers_ingress_cluster_kubelet",
            "module.eks-cluster.aws_security_group_rule.workers_ingress_cluster_primary",
            "module.eks-cluster.aws_security_group_rule.workers_ingress_self",
            "module.eks-cluster.data.aws_ami.eks_worker",
            "module.eks-cluster.data.aws_ami.eks_worker_windows",
            "module.eks-cluster.data.aws_iam_instance_profile.custom_worker_group_iam_instance_profile",
            "module.eks-cluster.data.aws_iam_policy_document.cluster_assume_role_policy",
            "module.eks-cluster.data.aws_iam_policy_document.workers_assume_role_policy",
            "module.eks-cluster.data.aws_iam_role.custom_cluster_iam_role",
            "module.eks-cluster.data.aws_partition.current",
            "module.eks-cluster.data.template_file.userdata",
            "module.eks-cluster.random_pet.workers",
            "module.vpc.aws_subnet.private",
            "module.vpc.aws_subnet.public",
            "module.vpc.aws_vpc.this",
            "module.vpc.aws_vpc_ipv4_cidr_block_association.this"
          ],
          "create_before_destroy": true
        }
      ]
    },
    {
      "module": "module.eks-cluster",
      "mode": "managed",
      "type": "aws_eks_cluster",
      "name": "this",
      "provider": "provider[\"registry.terraform.io/hashicorp/aws\"]",
      "instances": [
        {
          "index_key": 0,
          "schema_version": 0,
          "attributes": {
            "arn": "arn:aws:eks:ap-south-1:535630329499:cluster/infra-vakyansh-systems",
            "certificate_authority": [
              {
                "data": "LS0tLS1CRUdJTiBDRVJUSUZJQ0FURS0tLS0tCk1JSUN5RENDQWJDZ0F3SUJBZ0lCQURBTkJna3Foa2lHOXcwQkFRc0ZBREFWTVJNd0VRWURWUVFERXdwcmRXSmwKY201bGRHVnpNQjRYRFRJeE1ESXlOekUwTURBME1Gb1hEVE14TURJeU5URTBNREEwTUZvd0ZURVRNQkVHQTFVRQpBeE1LYTNWaVpYSnVaWFJsY3pDQ0FTSXdEUVlKS29aSWh2Y05BUUVCQlFBRGdnRVBBRENDQVFvQ2dnRUJBTTdzCmorYllOazlxb0I3WTJSRDZFc08yblRQWUVpQ0hZNUdCWk04UWtsUmVYbDI2dmlhUDgwMllhcGxPNFBRU2xDeWkKL0ZLYmVZM3BESFlsWm8vdXRwUGxrREhVRzVNY2FZcHNuN1RIMm9rRCs2ekZzWHNQajdMa2RyNEUzUmxLTEtESgp6NzNib04xc3lIcEIyOFViYWExRGM2UDAydW5ERGo2K1lPcEtKdkFqczZjeDV3YUs2OTBOanBYdFFlbWFTd0ZuClNIazRjVXEva3l5cU0xczJEWHZUYTIxZ2hJTGtremZmVjZQeEp1VlU0MHZEc2dzZGs5NmZoMXo0ek5YTUhzcUMKamtBejFiVmsvQUdqN1V0K1gzZkpvV210bjMzZmUxWnI2YlVMMmJoeWFCSXJYWWZrOXVEUnIrRUZBTWZCbWNEWQppUnF1K3RORWZzTnVnRVZsVk9FQ0F3RUFBYU1qTUNFd0RnWURWUjBQQVFIL0JBUURBZ0trTUE4R0ExVWRFd0VCCi93UUZNQU1CQWY4d0RRWUpLb1pJaHZjTkFRRUxCUUFEZ2dFQkFNMjNhc2xLWWk4KzdKYmpKZTU4aWFHZ3QrTjUKSTRER3lZdW5peG85TUc1cU92a3dpM0FYdUhzc3NvYi9kdmtabjNsUjRtTkRTbVNoTU8xR3dsWHNyWUlNUjEwNwpFNmdKY1RINzlNS2tnc21RRDBrWjVqTjNQdkJoQ0xLQWRhaHYzcVdVbEY4ZS9TVVhZYWdEMFNaQit3anRQVENtCnBFNWdwUDlaSjRyRnRYR1k3S051TVh2bWJ1UmMxa3dSdjRMYUFXNmRXS3hnbkRBZFN0cUpaNm56VlBxUmppSEgKV29vbXBWRkVKYXBoZzRQNjRIdkVuLzV2c0RqRWZKZzRRRnAzcGx0RnpRV01uMWtwbElRazVEVVFrdzd6QU15ZgpMSC9zZEVRQW5nc1V1VlFHNXY2U21PY0R0YkZiRnQxaG5raldTNmRqVjVWRTRSaFVPYlRYYlV3aE9CYz0KLS0tLS1FTkQgQ0VSVElGSUNBVEUtLS0tLQo="
              }
            ],
            "created_at": "2021-02-27 13:52:43.437 +0000 UTC",
            "enabled_cluster_log_types": null,
            "encryption_config": [],
            "endpoint": "https://C0671A31926262372861D2F7E8BACDF9.sk1.ap-south-1.eks.amazonaws.com",
            "id": "infra-vakyansh-systems",
            "identity": [
              {
                "oidc": [
                  {
                    "issuer": "https://oidc.eks.ap-south-1.amazonaws.com/id/C0671A31926262372861D2F7E8BACDF9"
                  }
                ]
              }
            ],
            "kubernetes_network_config": [
              {
                "service_ipv4_cidr": "172.20.0.0/16"
              }
            ],
            "name": "infra-vakyansh-systems",
            "platform_version": "eks.3",
            "role_arn": "arn:aws:iam::535630329499:role/infra-vakyansh-systems20210227135215884200000002",
            "status": "ACTIVE",
            "tags": null,
            "timeouts": {
              "create": "30m",
              "delete": "15m",
              "update": null
            },
            "version": "1.18",
            "vpc_config": [
              {
                "cluster_security_group_id": "sg-0b1d6aba42efa5d29",
                "endpoint_private_access": false,
                "endpoint_public_access": true,
                "public_access_cidrs": [
                  "0.0.0.0/0"
                ],
                "security_group_ids": [
                  "sg-064a94577d2ff7132"
                ],
                "subnet_ids": [
                  "subnet-02818a5deea42e173",
                  "subnet-0b69731468c1acaac",
                  "subnet-0c26a3394a799ac6e"
                ],
                "vpc_id": "vpc-0f25d3676071e43db"
              }
            ]
          },
          "sensitive_attributes": [],
          "private": "eyJlMmJmYjczMC1lY2FhLTExZTYtOGY4OC0zNDM2M2JjN2M0YzAiOnsiY3JlYXRlIjoxODAwMDAwMDAwMDAwLCJkZWxldGUiOjkwMDAwMDAwMDAwMCwidXBkYXRlIjozNjAwMDAwMDAwMDAwfX0=",
          "dependencies": [
            "data.aws_availability_zones.available",
            "module.eks-cluster.aws_cloudwatch_log_group.this",
            "module.eks-cluster.aws_iam_role.cluster",
            "module.eks-cluster.aws_iam_role_policy_attachment.cluster_AmazonEKSClusterPolicy",
            "module.eks-cluster.aws_iam_role_policy_attachment.cluster_AmazonEKSServicePolicy",
            "module.eks-cluster.aws_iam_role_policy_attachment.cluster_AmazonEKSVPCResourceControllerPolicy",
            "module.eks-cluster.aws_security_group.cluster",
            "module.eks-cluster.aws_security_group.workers",
            "module.eks-cluster.aws_security_group_rule.cluster_egress_internet",
            "module.eks-cluster.aws_security_group_rule.cluster_https_worker_ingress",
            "module.eks-cluster.data.aws_iam_policy_document.cluster_assume_role_policy",
            "module.eks-cluster.data.aws_iam_role.custom_cluster_iam_role",
            "module.eks-cluster.data.aws_partition.current",
            "module.vpc.aws_subnet.private",
            "module.vpc.aws_subnet.public",
            "module.vpc.aws_vpc.this",
            "module.vpc.aws_vpc_ipv4_cidr_block_association.this"
          ],
          "create_before_destroy": true
        }
      ]
    },
    {
      "module": "module.eks-cluster",
      "mode": "managed",
      "type": "aws_iam_instance_profile",
      "name": "workers",
      "provider": "provider[\"registry.terraform.io/hashicorp/aws\"]",
      "instances": [
        {
          "index_key": 0,
          "schema_version": 0,
          "attributes": {
            "arn": "arn:aws:iam::535630329499:instance-profile/infra-vakyansh-systems2021022714042327620000000e",
            "create_date": "2021-02-27T14:04:24Z",
            "id": "infra-vakyansh-systems2021022714042327620000000e",
            "name": "infra-vakyansh-systems2021022714042327620000000e",
            "name_prefix": "infra-vakyansh-systems",
            "path": "/",
            "role": "infra-vakyansh-systems2021022714041878440000000c",
            "unique_id": "AIPAXZNQOG2N6Z2YGARKN"
          },
          "sensitive_attributes": [],
          "private": "bnVsbA==",
          "dependencies": [
            "data.aws_availability_zones.available",
            "module.eks-cluster.aws_cloudwatch_log_group.this",
            "module.eks-cluster.aws_eks_cluster.this",
            "module.eks-cluster.aws_iam_role.cluster",
            "module.eks-cluster.aws_iam_role.workers",
            "module.eks-cluster.aws_iam_role_policy_attachment.cluster_AmazonEKSClusterPolicy",
            "module.eks-cluster.aws_iam_role_policy_attachment.cluster_AmazonEKSServicePolicy",
            "module.eks-cluster.aws_iam_role_policy_attachment.cluster_AmazonEKSVPCResourceControllerPolicy",
            "module.eks-cluster.aws_security_group.cluster",
            "module.eks-cluster.aws_security_group.workers",
            "module.eks-cluster.aws_security_group_rule.cluster_egress_internet",
            "module.eks-cluster.aws_security_group_rule.cluster_https_worker_ingress",
            "module.eks-cluster.data.aws_iam_policy_document.cluster_assume_role_policy",
            "module.eks-cluster.data.aws_iam_policy_document.workers_assume_role_policy",
            "module.eks-cluster.data.aws_iam_role.custom_cluster_iam_role",
            "module.eks-cluster.data.aws_partition.current",
            "module.vpc.aws_subnet.private",
            "module.vpc.aws_subnet.public",
            "module.vpc.aws_vpc.this",
            "module.vpc.aws_vpc_ipv4_cidr_block_association.this"
          ],
          "create_before_destroy": true
        }
      ]
    },
    {
      "module": "module.eks-cluster",
      "mode": "managed",
      "type": "aws_iam_openid_connect_provider",
      "name": "oidc_provider",
      "provider": "provider[\"registry.terraform.io/hashicorp/aws\"]",
      "instances": [
        {
          "index_key": 0,
          "schema_version": 0,
          "attributes": {
            "arn": "arn:aws:iam::535630329499:oidc-provider/oidc.eks.ap-south-1.amazonaws.com/id/C0671A31926262372861D2F7E8BACDF9",
            "client_id_list": [
              "sts.amazonaws.com"
            ],
            "id": "arn:aws:iam::535630329499:oidc-provider/oidc.eks.ap-south-1.amazonaws.com/id/C0671A31926262372861D2F7E8BACDF9",
            "thumbprint_list": [
              "9e99a48a9960b14926bb7f3b02e22da2b0ab7280"
            ],
            "url": "oidc.eks.ap-south-1.amazonaws.com/id/C0671A31926262372861D2F7E8BACDF9"
          },
          "sensitive_attributes": [],
          "private": "bnVsbA==",
          "dependencies": [
            "data.aws_availability_zones.available",
            "module.eks-cluster.aws_cloudwatch_log_group.this",
            "module.eks-cluster.aws_eks_cluster.this",
            "module.eks-cluster.aws_iam_role.cluster",
            "module.eks-cluster.aws_iam_role_policy_attachment.cluster_AmazonEKSClusterPolicy",
            "module.eks-cluster.aws_iam_role_policy_attachment.cluster_AmazonEKSServicePolicy",
            "module.eks-cluster.aws_iam_role_policy_attachment.cluster_AmazonEKSVPCResourceControllerPolicy",
            "module.eks-cluster.aws_security_group.cluster",
            "module.eks-cluster.aws_security_group.workers",
            "module.eks-cluster.aws_security_group_rule.cluster_egress_internet",
            "module.eks-cluster.aws_security_group_rule.cluster_https_worker_ingress",
            "module.eks-cluster.data.aws_iam_policy_document.cluster_assume_role_policy",
            "module.eks-cluster.data.aws_iam_role.custom_cluster_iam_role",
            "module.eks-cluster.data.aws_partition.current",
            "module.vpc.aws_subnet.private",
            "module.vpc.aws_subnet.public",
            "module.vpc.aws_vpc.this",
            "module.vpc.aws_vpc_ipv4_cidr_block_association.this"
          ]
        }
      ]
    },
    {
      "module": "module.eks-cluster",
      "mode": "managed",
      "type": "aws_iam_policy",
      "name": "cluster_elb_sl_role_creation",
      "provider": "provider[\"registry.terraform.io/hashicorp/aws\"]",
      "instances": [
        {
          "index_key": 0,
          "schema_version": 0,
          "attributes": {
            "arn": "arn:aws:iam::535630329499:policy/infra-vakyansh-systems-elb-sl-role-creation20210227135215884000000001",
            "description": "Permissions for EKS to create AWSServiceRoleForElasticLoadBalancing service-linked role",
            "id": "arn:aws:iam::535630329499:policy/infra-vakyansh-systems-elb-sl-role-creation20210227135215884000000001",
            "name": "infra-vakyansh-systems-elb-sl-role-creation20210227135215884000000001",
            "name_prefix": "infra-vakyansh-systems-elb-sl-role-creation",
            "path": "/",
            "policy": "{\n  \"Version\": \"2012-10-17\",\n  \"Statement\": [\n    {\n      \"Sid\": \"\",\n      \"Effect\": \"Allow\",\n      \"Action\": [\n        \"ec2:DescribeInternetGateways\",\n        \"ec2:DescribeAccountAttributes\"\n      ],\n      \"Resource\": \"*\"\n    }\n  ]\n}"
          },
          "sensitive_attributes": [],
          "private": "bnVsbA==",
          "dependencies": [
            "module.eks-cluster.data.aws_iam_policy_document.cluster_elb_sl_role_creation"
          ]
        }
      ]
    },
    {
      "module": "module.eks-cluster",
      "mode": "managed",
      "type": "aws_iam_role",
      "name": "cluster",
      "provider": "provider[\"registry.terraform.io/hashicorp/aws\"]",
      "instances": [
        {
          "index_key": 0,
          "schema_version": 0,
          "attributes": {
            "arn": "arn:aws:iam::535630329499:role/infra-vakyansh-systems20210227135215884200000002",
            "assume_role_policy": "{\"Version\":\"2012-10-17\",\"Statement\":[{\"Sid\":\"EKSClusterAssumeRole\",\"Effect\":\"Allow\",\"Principal\":{\"Service\":\"eks.amazonaws.com\"},\"Action\":\"sts:AssumeRole\"}]}",
            "create_date": "2021-02-27T13:52:16Z",
            "description": "",
            "force_detach_policies": true,
            "id": "infra-vakyansh-systems20210227135215884200000002",
            "inline_policy": [
              {
                "name": "",
                "policy": ""
              }
            ],
            "managed_policy_arns": [],
            "max_session_duration": 3600,
            "name": "infra-vakyansh-systems20210227135215884200000002",
            "name_prefix": "infra-vakyansh-systems",
            "path": "/",
            "permissions_boundary": null,
            "tags": null,
            "unique_id": "AROAXZNQOG2NQJEVP5DK3"
          },
          "sensitive_attributes": [],
          "private": "bnVsbA==",
          "dependencies": [
            "module.eks-cluster.data.aws_iam_policy_document.cluster_assume_role_policy"
          ],
          "create_before_destroy": true
        }
      ]
    },
    {
      "module": "module.eks-cluster",
      "mode": "managed",
      "type": "aws_iam_role",
      "name": "workers",
      "provider": "provider[\"registry.terraform.io/hashicorp/aws\"]",
      "instances": [
        {
          "index_key": 0,
          "schema_version": 0,
          "attributes": {
            "arn": "arn:aws:iam::535630329499:role/infra-vakyansh-systems2021022714041878440000000c",
            "assume_role_policy": "{\"Version\":\"2012-10-17\",\"Statement\":[{\"Sid\":\"EKSWorkerAssumeRole\",\"Effect\":\"Allow\",\"Principal\":{\"Service\":\"ec2.amazonaws.com\"},\"Action\":\"sts:AssumeRole\"}]}",
            "create_date": "2021-02-27T14:04:19Z",
            "description": "",
            "force_detach_policies": true,
            "id": "infra-vakyansh-systems2021022714041878440000000c",
            "inline_policy": [
              {
                "name": "",
                "policy": ""
              }
            ],
            "managed_policy_arns": [],
            "max_session_duration": 3600,
            "name": "infra-vakyansh-systems2021022714041878440000000c",
            "name_prefix": "infra-vakyansh-systems",
            "path": "/",
            "permissions_boundary": null,
            "tags": null,
            "unique_id": "AROAXZNQOG2NVC6O63M3Q"
          },
          "sensitive_attributes": [],
          "private": "bnVsbA==",
          "dependencies": [
            "data.aws_availability_zones.available",
            "module.eks-cluster.aws_cloudwatch_log_group.this",
            "module.eks-cluster.aws_eks_cluster.this",
            "module.eks-cluster.aws_iam_role.cluster",
            "module.eks-cluster.aws_iam_role_policy_attachment.cluster_AmazonEKSClusterPolicy",
            "module.eks-cluster.aws_iam_role_policy_attachment.cluster_AmazonEKSServicePolicy",
            "module.eks-cluster.aws_iam_role_policy_attachment.cluster_AmazonEKSVPCResourceControllerPolicy",
            "module.eks-cluster.aws_security_group.cluster",
            "module.eks-cluster.aws_security_group.workers",
            "module.eks-cluster.aws_security_group_rule.cluster_egress_internet",
            "module.eks-cluster.aws_security_group_rule.cluster_https_worker_ingress",
            "module.eks-cluster.data.aws_iam_policy_document.cluster_assume_role_policy",
            "module.eks-cluster.data.aws_iam_policy_document.workers_assume_role_policy",
            "module.eks-cluster.data.aws_iam_role.custom_cluster_iam_role",
            "module.eks-cluster.data.aws_partition.current",
            "module.vpc.aws_subnet.private",
            "module.vpc.aws_subnet.public",
            "module.vpc.aws_vpc.this",
            "module.vpc.aws_vpc_ipv4_cidr_block_association.this"
          ],
          "create_before_destroy": true
        }
      ]
    },
    {
      "module": "module.eks-cluster",
      "mode": "managed",
      "type": "aws_iam_role_policy_attachment",
      "name": "cluster_AmazonEKSClusterPolicy",
      "provider": "provider[\"registry.terraform.io/hashicorp/aws\"]",
      "instances": [
        {
          "index_key": 0,
          "schema_version": 0,
          "attributes": {
            "id": "infra-vakyansh-systems20210227135215884200000002-20210227135221133800000005",
            "policy_arn": "arn:aws:iam::aws:policy/AmazonEKSClusterPolicy",
            "role": "infra-vakyansh-systems20210227135215884200000002"
          },
          "sensitive_attributes": [],
          "private": "bnVsbA==",
          "dependencies": [
            "module.eks-cluster.aws_iam_role.cluster",
            "module.eks-cluster.data.aws_iam_policy_document.cluster_assume_role_policy",
            "module.eks-cluster.data.aws_partition.current"
          ],
          "create_before_destroy": true
        }
      ]
    },
    {
      "module": "module.eks-cluster",
      "mode": "managed",
      "type": "aws_iam_role_policy_attachment",
      "name": "cluster_AmazonEKSServicePolicy",
      "provider": "provider[\"registry.terraform.io/hashicorp/aws\"]",
      "instances": [
        {
          "index_key": 0,
          "schema_version": 0,
          "attributes": {
            "id": "infra-vakyansh-systems20210227135215884200000002-20210227135220981500000004",
            "policy_arn": "arn:aws:iam::aws:policy/AmazonEKSServicePolicy",
            "role": "infra-vakyansh-systems20210227135215884200000002"
          },
          "sensitive_attributes": [],
          "private": "bnVsbA==",
          "dependencies": [
            "module.eks-cluster.aws_iam_role.cluster",
            "module.eks-cluster.data.aws_iam_policy_document.cluster_assume_role_policy",
            "module.eks-cluster.data.aws_partition.current"
          ],
          "create_before_destroy": true
        }
      ]
    },
    {
      "module": "module.eks-cluster",
      "mode": "managed",
      "type": "aws_iam_role_policy_attachment",
      "name": "cluster_AmazonEKSVPCResourceControllerPolicy",
      "provider": "provider[\"registry.terraform.io/hashicorp/aws\"]",
      "instances": [
        {
          "index_key": 0,
          "schema_version": 0,
          "attributes": {
            "id": "infra-vakyansh-systems20210227135215884200000002-20210227135220925800000003",
            "policy_arn": "arn:aws:iam::aws:policy/AmazonEKSVPCResourceController",
            "role": "infra-vakyansh-systems20210227135215884200000002"
          },
          "sensitive_attributes": [],
          "private": "bnVsbA==",
          "dependencies": [
            "module.eks-cluster.aws_iam_role.cluster",
            "module.eks-cluster.data.aws_iam_policy_document.cluster_assume_role_policy",
            "module.eks-cluster.data.aws_partition.current"
          ],
          "create_before_destroy": true
        }
      ]
    },
    {
      "module": "module.eks-cluster",
      "mode": "managed",
      "type": "aws_iam_role_policy_attachment",
      "name": "cluster_elb_sl_role_creation",
      "provider": "provider[\"registry.terraform.io/hashicorp/aws\"]",
      "instances": [
        {
          "index_key": 0,
          "schema_version": 0,
          "attributes": {
            "id": "infra-vakyansh-systems20210227135215884200000002-20210227135221157000000006",
            "policy_arn": "arn:aws:iam::535630329499:policy/infra-vakyansh-systems-elb-sl-role-creation20210227135215884000000001",
            "role": "infra-vakyansh-systems20210227135215884200000002"
          },
          "sensitive_attributes": [],
          "private": "bnVsbA==",
          "dependencies": [
            "module.eks-cluster.aws_iam_policy.cluster_elb_sl_role_creation",
            "module.eks-cluster.aws_iam_role.cluster",
            "module.eks-cluster.data.aws_iam_policy_document.cluster_assume_role_policy",
            "module.eks-cluster.data.aws_iam_policy_document.cluster_elb_sl_role_creation"
          ]
        }
      ]
    },
    {
      "module": "module.eks-cluster",
      "mode": "managed",
      "type": "aws_iam_role_policy_attachment",
      "name": "workers_AmazonEC2ContainerRegistryReadOnly",
      "provider": "provider[\"registry.terraform.io/hashicorp/aws\"]",
      "instances": [
        {
          "index_key": 0,
          "schema_version": 0,
          "attributes": {
            "id": "infra-vakyansh-systems2021022714041878440000000c-20210227140424273100000011",
            "policy_arn": "arn:aws:iam::aws:policy/AmazonEC2ContainerRegistryReadOnly",
            "role": "infra-vakyansh-systems2021022714041878440000000c"
          },
          "sensitive_attributes": [],
          "private": "bnVsbA==",
          "dependencies": [
            "data.aws_availability_zones.available",
            "module.eks-cluster.aws_cloudwatch_log_group.this",
            "module.eks-cluster.aws_eks_cluster.this",
            "module.eks-cluster.aws_iam_role.cluster",
            "module.eks-cluster.aws_iam_role.workers",
            "module.eks-cluster.aws_iam_role_policy_attachment.cluster_AmazonEKSClusterPolicy",
            "module.eks-cluster.aws_iam_role_policy_attachment.cluster_AmazonEKSServicePolicy",
            "module.eks-cluster.aws_iam_role_policy_attachment.cluster_AmazonEKSVPCResourceControllerPolicy",
            "module.eks-cluster.aws_security_group.cluster",
            "module.eks-cluster.aws_security_group.workers",
            "module.eks-cluster.aws_security_group_rule.cluster_egress_internet",
            "module.eks-cluster.aws_security_group_rule.cluster_https_worker_ingress",
            "module.eks-cluster.data.aws_iam_policy_document.cluster_assume_role_policy",
            "module.eks-cluster.data.aws_iam_policy_document.workers_assume_role_policy",
            "module.eks-cluster.data.aws_iam_role.custom_cluster_iam_role",
            "module.eks-cluster.data.aws_partition.current",
            "module.vpc.aws_subnet.private",
            "module.vpc.aws_subnet.public",
            "module.vpc.aws_vpc.this",
            "module.vpc.aws_vpc_ipv4_cidr_block_association.this"
          ],
          "create_before_destroy": true
        }
      ]
    },
    {
      "module": "module.eks-cluster",
      "mode": "managed",
      "type": "aws_iam_role_policy_attachment",
      "name": "workers_AmazonEKSWorkerNodePolicy",
      "provider": "provider[\"registry.terraform.io/hashicorp/aws\"]",
      "instances": [
        {
          "index_key": 0,
          "schema_version": 0,
          "attributes": {
            "id": "infra-vakyansh-systems2021022714041878440000000c-20210227140424448000000012",
            "policy_arn": "arn:aws:iam::aws:policy/AmazonEKSWorkerNodePolicy",
            "role": "infra-vakyansh-systems2021022714041878440000000c"
          },
          "sensitive_attributes": [],
          "private": "bnVsbA==",
          "dependencies": [
            "data.aws_availability_zones.available",
            "module.eks-cluster.aws_cloudwatch_log_group.this",
            "module.eks-cluster.aws_eks_cluster.this",
            "module.eks-cluster.aws_iam_role.cluster",
            "module.eks-cluster.aws_iam_role.workers",
            "module.eks-cluster.aws_iam_role_policy_attachment.cluster_AmazonEKSClusterPolicy",
            "module.eks-cluster.aws_iam_role_policy_attachment.cluster_AmazonEKSServicePolicy",
            "module.eks-cluster.aws_iam_role_policy_attachment.cluster_AmazonEKSVPCResourceControllerPolicy",
            "module.eks-cluster.aws_security_group.cluster",
            "module.eks-cluster.aws_security_group.workers",
            "module.eks-cluster.aws_security_group_rule.cluster_egress_internet",
            "module.eks-cluster.aws_security_group_rule.cluster_https_worker_ingress",
            "module.eks-cluster.data.aws_iam_policy_document.cluster_assume_role_policy",
            "module.eks-cluster.data.aws_iam_policy_document.workers_assume_role_policy",
            "module.eks-cluster.data.aws_iam_role.custom_cluster_iam_role",
            "module.eks-cluster.data.aws_partition.current",
            "module.vpc.aws_subnet.private",
            "module.vpc.aws_subnet.public",
            "module.vpc.aws_vpc.this",
            "module.vpc.aws_vpc_ipv4_cidr_block_association.this"
          ],
          "create_before_destroy": true
        }
      ]
    },
    {
      "module": "module.eks-cluster",
      "mode": "managed",
      "type": "aws_iam_role_policy_attachment",
      "name": "workers_AmazonEKS_CNI_Policy",
      "provider": "provider[\"registry.terraform.io/hashicorp/aws\"]",
      "instances": [
        {
          "index_key": 0,
          "schema_version": 0,
          "attributes": {
            "id": "infra-vakyansh-systems2021022714041878440000000c-20210227140424262000000010",
            "policy_arn": "arn:aws:iam::aws:policy/AmazonEKS_CNI_Policy",
            "role": "infra-vakyansh-systems2021022714041878440000000c"
          },
          "sensitive_attributes": [],
          "private": "bnVsbA==",
          "dependencies": [
            "data.aws_availability_zones.available",
            "module.eks-cluster.aws_cloudwatch_log_group.this",
            "module.eks-cluster.aws_eks_cluster.this",
            "module.eks-cluster.aws_iam_role.cluster",
            "module.eks-cluster.aws_iam_role.workers",
            "module.eks-cluster.aws_iam_role_policy_attachment.cluster_AmazonEKSClusterPolicy",
            "module.eks-cluster.aws_iam_role_policy_attachment.cluster_AmazonEKSServicePolicy",
            "module.eks-cluster.aws_iam_role_policy_attachment.cluster_AmazonEKSVPCResourceControllerPolicy",
            "module.eks-cluster.aws_security_group.cluster",
            "module.eks-cluster.aws_security_group.workers",
            "module.eks-cluster.aws_security_group_rule.cluster_egress_internet",
            "module.eks-cluster.aws_security_group_rule.cluster_https_worker_ingress",
            "module.eks-cluster.data.aws_iam_policy_document.cluster_assume_role_policy",
            "module.eks-cluster.data.aws_iam_policy_document.workers_assume_role_policy",
            "module.eks-cluster.data.aws_iam_role.custom_cluster_iam_role",
            "module.eks-cluster.data.aws_partition.current",
            "module.vpc.aws_subnet.private",
            "module.vpc.aws_subnet.public",
            "module.vpc.aws_vpc.this",
            "module.vpc.aws_vpc_ipv4_cidr_block_association.this"
          ],
          "create_before_destroy": true
        }
      ]
    },
    {
      "module": "module.eks-cluster",
      "mode": "managed",
      "type": "aws_launch_configuration",
      "name": "workers",
      "provider": "provider[\"registry.terraform.io/hashicorp/aws\"]",
      "instances": [
        {
          "index_key": 0,
          "schema_version": 0,
          "attributes": {
            "arn": "arn:aws:autoscaling:ap-south-1:535630329499:launchConfiguration:df0ad4ee-57db-46f6-81e3-3125bf48046e:launchConfigurationName/infra-vakyansh-systems-020210227140427138500000013",
            "associate_public_ip_address": false,
            "ebs_block_device": [],
            "ebs_optimized": false,
            "enable_monitoring": true,
            "ephemeral_block_device": [],
            "iam_instance_profile": "infra-vakyansh-systems2021022714042327620000000e",
            "id": "infra-vakyansh-systems-020210227140427138500000013",
            "image_id": "ami-08a602b0877a97d07",
            "instance_type": "t2.medium",
            "key_name": "",
            "metadata_options": [],
            "name": "infra-vakyansh-systems-020210227140427138500000013",
            "name_prefix": "infra-vakyansh-systems-0",
            "placement_tenancy": "",
            "root_block_device": [
              {
                "delete_on_termination": true,
                "encrypted": false,
                "iops": 0,
                "volume_size": 100,
                "volume_type": "gp2"
              }
            ],
            "security_groups": [
              "sg-0014c40cbf38c5be1",
              "sg-0076ce55f565b7669"
            ],
            "spot_price": "",
            "user_data": null,
            "user_data_base64": "IyEvYmluL2Jhc2ggLWUKCiMgQWxsb3cgdXNlciBzdXBwbGllZCBwcmUgdXNlcmRhdGEgY29kZQoKCiMgQm9vdHN0cmFwIGFuZCBqb2luIHRoZSBjbHVzdGVyCi9ldGMvZWtzL2Jvb3RzdHJhcC5zaCAtLWI2NC1jbHVzdGVyLWNhICdMUzB0TFMxQ1JVZEpUaUJEUlZKVVNVWkpRMEZVUlMwdExTMHRDazFKU1VONVJFTkRRV0pEWjBGM1NVSkJaMGxDUVVSQlRrSm5hM0ZvYTJsSE9YY3dRa0ZSYzBaQlJFRldUVkpOZDBWUldVUldVVkZFUlhkd2NtUlhTbXdLWTIwMWJHUkhWbnBOUWpSWVJGUkplRTFFU1hsT2VrVXdUVVJCTUUxR2IxaEVWRTE0VFVSSmVVNVVSVEJOUkVFd1RVWnZkMFpVUlZSTlFrVkhRVEZWUlFwQmVFMUxZVE5XYVZwWVNuVmFXRkpzWTNwRFEwRlRTWGRFVVZsS1MyOWFTV2gyWTA1QlVVVkNRbEZCUkdkblJWQkJSRU5EUVZGdlEyZG5SVUpCVFRkekNtb3JZbGxPYXpseGIwSTNXVEpTUkRaRmMwOHlibFJRV1VWcFEwaFpOVWRDV2swNFVXdHNVbVZZYkRJMmRtbGhVRGd3TWxsaGNHeFBORkJSVTJ4RGVXa0tMMFpMWW1WWk0zQkVTRmxzV204dmRYUndVR3hyUkVoVlJ6Vk5ZMkZaY0hOdU4xUklNbTlyUkNzMmVrWnpXSE5RYWpkTWEyUnlORVV6VW14TFRFdEVTZ3A2TnpOaWIwNHhjM2xJY0VJeU9GVmlZV0V4UkdNMlVEQXlkVzVFUkdvMksxbFBjRXRLZGtGcWN6WmplRFYzWVVzMk9UQk9hbkJZZEZGbGJXRlRkMFp1Q2xOSWF6UmpWWEV2YTNsNWNVMHhjekpFV0haVVlUSXhaMmhKVEd0cmVtWm1WalpRZUVwMVZsVTBNSFpFYzJkelpHczVObVpvTVhvMGVrNVlUVWh6Y1VNS2FtdEJlakZpVm1zdlFVZHFOMVYwSzFnelprcHZWMjEwYmpNelptVXhXbkkyWWxWTU1tSm9lV0ZDU1hKWVdXWnJPWFZFVW5JclJVWkJUV1pDYldORVdRcHBVbkYxSzNST1JXWnpUblZuUlZac1ZrOUZRMEYzUlVGQllVMXFUVU5GZDBSbldVUldVakJRUVZGSUwwSkJVVVJCWjB0clRVRTRSMEV4VldSRmQwVkNDaTkzVVVaTlFVMUNRV1k0ZDBSUldVcExiMXBKYUhaalRrRlJSVXhDVVVGRVoyZEZRa0ZOTWpOaGMyeExXV2s0S3pkS1ltcEtaVFU0YVdGSFozUXJUalVLU1RSRVIzbFpkVzVwZUc4NVRVYzFjVTkyYTNkcE0wRllkVWh6YzNOdllpOWtkbXRhYmpOc1VqUnRUa1JUYlZOb1RVOHhSM2RzV0hOeVdVbE5VakV3TndwRk5tZEtZMVJJTnpsTlMydG5jMjFSUkRCcldqVnFUak5RZGtKb1EweExRV1JoYUhZemNWZFZiRVk0WlM5VFZWaFpZV2RFTUZOYVFpdDNhblJRVkVOdENuQkZOV2R3VURsYVNqUnlSblJZUjFrM1MwNTFUVmgyYldKMVVtTXhhM2RTZGpSTVlVRlhObVJYUzNobmJrUkJaRk4wY1VwYU5tNTZWbEJ4VW1wcFNFZ0tWMjl2YlhCV1JrVktZWEJvWnpSUU5qUklka1Z1THpWMmMwUnFSV1pLWnpSUlJuQXpjR3gwUm5wUlYwMXVNV3R3YkVsUmF6VkVWVkZyZHpkNlFVMTVaZ3BNU0M5elpFVlJRVzVuYzFWMVZsRkhOWFkyVTIxUFkwUjBZa1ppUm5ReGFHNXJhbGRUTm1ScVZqVldSVFJTYUZWUFlsUllZbFYzYUU5Q1l6MEtMUzB0TFMxRlRrUWdRMFZTVkVsR1NVTkJWRVV0TFMwdExRbz0nIC0tYXBpc2VydmVyLWVuZHBvaW50ICdodHRwczovL0MwNjcxQTMxOTI2MjYyMzcyODYxRDJGN0U4QkFDREY5LnNrMS5hcC1zb3V0aC0xLmVrcy5hbWF6b25hd3MuY29tJyAgLS1rdWJlbGV0LWV4dHJhLWFyZ3MgIiIgJ2luZnJhLXZha3lhbnNoLXN5c3RlbXMnCgojIEFsbG93IHVzZXIgc3VwcGxpZWQgdXNlcmRhdGEgY29kZQoK",
            "vpc_classic_link_id": "",
            "vpc_classic_link_security_groups": null
          },
          "sensitive_attributes": [],
          "private": "bnVsbA==",
          "dependencies": [
            "aws_security_group.bastion",
            "aws_security_group.private-instances",
            "data.aws_availability_zones.available",
            "module.eks-cluster.aws_cloudwatch_log_group.this",
            "module.eks-cluster.aws_eks_cluster.this",
            "module.eks-cluster.aws_iam_instance_profile.workers",
            "module.eks-cluster.aws_iam_role.cluster",
            "module.eks-cluster.aws_iam_role.workers",
            "module.eks-cluster.aws_iam_role_policy_attachment.cluster_AmazonEKSClusterPolicy",
            "module.eks-cluster.aws_iam_role_policy_attachment.cluster_AmazonEKSServicePolicy",
            "module.eks-cluster.aws_iam_role_policy_attachment.cluster_AmazonEKSVPCResourceControllerPolicy",
            "module.eks-cluster.aws_iam_role_policy_attachment.workers_AmazonEC2ContainerRegistryReadOnly",
            "module.eks-cluster.aws_iam_role_policy_attachment.workers_AmazonEKSWorkerNodePolicy",
            "module.eks-cluster.aws_iam_role_policy_attachment.workers_AmazonEKS_CNI_Policy",
            "module.eks-cluster.aws_iam_role_policy_attachment.workers_additional_policies",
            "module.eks-cluster.aws_security_group.cluster",
            "module.eks-cluster.aws_security_group.workers",
            "module.eks-cluster.aws_security_group_rule.cluster_egress_internet",
            "module.eks-cluster.aws_security_group_rule.cluster_https_worker_ingress",
            "module.eks-cluster.aws_security_group_rule.cluster_primary_ingress_workers",
            "module.eks-cluster.aws_security_group_rule.workers_egress_internet",
            "module.eks-cluster.aws_security_group_rule.workers_ingress_cluster",
            "module.eks-cluster.aws_security_group_rule.workers_ingress_cluster_https",
            "module.eks-cluster.aws_security_group_rule.workers_ingress_cluster_kubelet",
            "module.eks-cluster.aws_security_group_rule.workers_ingress_cluster_primary",
            "module.eks-cluster.aws_security_group_rule.workers_ingress_self",
            "module.eks-cluster.data.aws_ami.eks_worker",
            "module.eks-cluster.data.aws_ami.eks_worker_windows",
            "module.eks-cluster.data.aws_iam_instance_profile.custom_worker_group_iam_instance_profile",
            "module.eks-cluster.data.aws_iam_policy_document.cluster_assume_role_policy",
            "module.eks-cluster.data.aws_iam_policy_document.workers_assume_role_policy",
            "module.eks-cluster.data.aws_iam_role.custom_cluster_iam_role",
            "module.eks-cluster.data.aws_partition.current",
            "module.eks-cluster.data.template_file.userdata",
            "module.vpc.aws_subnet.private",
            "module.vpc.aws_subnet.public",
            "module.vpc.aws_vpc.this",
            "module.vpc.aws_vpc_ipv4_cidr_block_association.this"
          ],
          "create_before_destroy": true
        }
      ]
    },
    {
      "module": "module.eks-cluster",
      "mode": "managed",
      "type": "aws_security_group",
      "name": "cluster",
      "provider": "provider[\"registry.terraform.io/hashicorp/aws\"]",
      "instances": [
        {
          "index_key": 0,
          "schema_version": 1,
          "attributes": {
            "arn": "arn:aws:ec2:ap-south-1:535630329499:security-group/sg-064a94577d2ff7132",
            "description": "EKS cluster security group.",
            "egress": [],
            "id": "sg-064a94577d2ff7132",
            "ingress": [],
            "name": "infra-vakyansh-systems20210227135229260400000008",
            "name_prefix": "infra-vakyansh-systems",
            "owner_id": "535630329499",
            "revoke_rules_on_delete": false,
            "tags": {
              "Name": "infra-vakyansh-systems-eks_cluster_sg"
            },
            "timeouts": null,
            "vpc_id": "vpc-0f25d3676071e43db"
          },
          "sensitive_attributes": [],
          "private": "eyJlMmJmYjczMC1lY2FhLTExZTYtOGY4OC0zNDM2M2JjN2M0YzAiOnsiY3JlYXRlIjo2MDAwMDAwMDAwMDAsImRlbGV0ZSI6NjAwMDAwMDAwMDAwfSwic2NoZW1hX3ZlcnNpb24iOiIxIn0=",
          "dependencies": [
            "module.vpc.aws_vpc.this"
          ],
          "create_before_destroy": true
        }
      ]
    },
    {
      "module": "module.eks-cluster",
      "mode": "managed",
      "type": "aws_security_group",
      "name": "workers",
      "provider": "provider[\"registry.terraform.io/hashicorp/aws\"]",
      "instances": [
        {
          "index_key": 0,
          "schema_version": 1,
          "attributes": {
            "arn": "arn:aws:ec2:ap-south-1:535630329499:security-group/sg-0076ce55f565b7669",
            "description": "Security group for all nodes in the cluster.",
            "egress": [],
            "id": "sg-0076ce55f565b7669",
            "ingress": [],
            "name": "infra-vakyansh-systems20210227135229260200000007",
            "name_prefix": "infra-vakyansh-systems",
            "owner_id": "535630329499",
            "revoke_rules_on_delete": false,
            "tags": {
              "Name": "infra-vakyansh-systems-eks_worker_sg",
              "kubernetes.io/cluster/infra-vakyansh-systems": "owned"
            },
            "timeouts": null,
            "vpc_id": "vpc-0f25d3676071e43db"
          },
          "sensitive_attributes": [],
          "private": "eyJlMmJmYjczMC1lY2FhLTExZTYtOGY4OC0zNDM2M2JjN2M0YzAiOnsiY3JlYXRlIjo2MDAwMDAwMDAwMDAsImRlbGV0ZSI6NjAwMDAwMDAwMDAwfSwic2NoZW1hX3ZlcnNpb24iOiIxIn0=",
          "dependencies": [
            "module.vpc.aws_vpc.this"
          ],
          "create_before_destroy": true
        }
      ]
    },
    {
      "module": "module.eks-cluster",
      "mode": "managed",
      "type": "aws_security_group_rule",
      "name": "cluster_egress_internet",
      "provider": "provider[\"registry.terraform.io/hashicorp/aws\"]",
      "instances": [
        {
          "index_key": 0,
          "schema_version": 2,
          "attributes": {
            "cidr_blocks": [
              "0.0.0.0/0"
            ],
            "description": "Allow cluster egress access to the Internet.",
            "from_port": 0,
            "id": "sgrule-995342685",
            "ipv6_cidr_blocks": null,
            "prefix_list_ids": null,
            "protocol": "-1",
            "security_group_id": "sg-064a94577d2ff7132",
            "self": false,
            "source_security_group_id": null,
            "to_port": 0,
            "type": "egress"
          },
          "sensitive_attributes": [],
          "private": "eyJzY2hlbWFfdmVyc2lvbiI6IjIifQ==",
          "dependencies": [
            "module.eks-cluster.aws_security_group.cluster",
            "module.vpc.aws_vpc.this"
          ],
          "create_before_destroy": true
        }
      ]
    },
    {
      "module": "module.eks-cluster",
      "mode": "managed",
      "type": "aws_security_group_rule",
      "name": "cluster_https_worker_ingress",
      "provider": "provider[\"registry.terraform.io/hashicorp/aws\"]",
      "instances": [
        {
          "index_key": 0,
          "schema_version": 2,
          "attributes": {
            "cidr_blocks": null,
            "description": "Allow pods to communicate with the EKS cluster API.",
            "from_port": 443,
            "id": "sgrule-3454266291",
            "ipv6_cidr_blocks": null,
            "prefix_list_ids": null,
            "protocol": "tcp",
            "security_group_id": "sg-064a94577d2ff7132",
            "self": false,
            "source_security_group_id": "sg-0076ce55f565b7669",
            "to_port": 443,
            "type": "ingress"
          },
          "sensitive_attributes": [],
          "private": "eyJzY2hlbWFfdmVyc2lvbiI6IjIifQ==",
          "dependencies": [
            "module.eks-cluster.aws_security_group.cluster",
            "module.eks-cluster.aws_security_group.workers",
            "module.vpc.aws_vpc.this"
          ],
          "create_before_destroy": true
        }
      ]
    },
    {
      "module": "module.eks-cluster",
      "mode": "managed",
      "type": "aws_security_group_rule",
      "name": "workers_egress_internet",
      "provider": "provider[\"registry.terraform.io/hashicorp/aws\"]",
      "instances": [
        {
          "index_key": 0,
          "schema_version": 2,
          "attributes": {
            "cidr_blocks": [
              "0.0.0.0/0"
            ],
            "description": "Allow nodes all egress to the Internet.",
            "from_port": 0,
            "id": "sgrule-3948178185",
            "ipv6_cidr_blocks": null,
            "prefix_list_ids": null,
            "protocol": "-1",
            "security_group_id": "sg-0076ce55f565b7669",
            "self": false,
            "source_security_group_id": null,
            "to_port": 0,
            "type": "egress"
          },
          "sensitive_attributes": [],
          "private": "eyJzY2hlbWFfdmVyc2lvbiI6IjIifQ==",
          "dependencies": [
            "module.eks-cluster.aws_security_group.workers",
            "module.vpc.aws_vpc.this"
          ],
          "create_before_destroy": true
        }
      ]
    },
    {
      "module": "module.eks-cluster",
      "mode": "managed",
      "type": "aws_security_group_rule",
      "name": "workers_ingress_cluster",
      "provider": "provider[\"registry.terraform.io/hashicorp/aws\"]",
      "instances": [
        {
          "index_key": 0,
          "schema_version": 2,
          "attributes": {
            "cidr_blocks": null,
            "description": "Allow workers pods to receive communication from the cluster control plane.",
            "from_port": 1025,
            "id": "sgrule-1122676339",
            "ipv6_cidr_blocks": null,
            "prefix_list_ids": null,
            "protocol": "tcp",
            "security_group_id": "sg-0076ce55f565b7669",
            "self": false,
            "source_security_group_id": "sg-064a94577d2ff7132",
            "to_port": 65535,
            "type": "ingress"
          },
          "sensitive_attributes": [],
          "private": "eyJzY2hlbWFfdmVyc2lvbiI6IjIifQ==",
          "dependencies": [
            "module.eks-cluster.aws_security_group.cluster",
            "module.eks-cluster.aws_security_group.workers",
            "module.vpc.aws_vpc.this"
          ],
          "create_before_destroy": true
        }
      ]
    },
    {
      "module": "module.eks-cluster",
      "mode": "managed",
      "type": "aws_security_group_rule",
      "name": "workers_ingress_cluster_https",
      "provider": "provider[\"registry.terraform.io/hashicorp/aws\"]",
      "instances": [
        {
          "index_key": 0,
          "schema_version": 2,
          "attributes": {
            "cidr_blocks": null,
            "description": "Allow pods running extension API servers on port 443 to receive communication from cluster control plane.",
            "from_port": 443,
            "id": "sgrule-2101226556",
            "ipv6_cidr_blocks": null,
            "prefix_list_ids": null,
            "protocol": "tcp",
            "security_group_id": "sg-0076ce55f565b7669",
            "self": false,
            "source_security_group_id": "sg-064a94577d2ff7132",
            "to_port": 443,
            "type": "ingress"
          },
          "sensitive_attributes": [],
          "private": "eyJzY2hlbWFfdmVyc2lvbiI6IjIifQ==",
          "dependencies": [
            "module.eks-cluster.aws_security_group.cluster",
            "module.eks-cluster.aws_security_group.workers",
            "module.vpc.aws_vpc.this"
          ],
          "create_before_destroy": true
        }
      ]
    },
    {
      "module": "module.eks-cluster",
      "mode": "managed",
      "type": "aws_security_group_rule",
      "name": "workers_ingress_self",
      "provider": "provider[\"registry.terraform.io/hashicorp/aws\"]",
      "instances": [
        {
          "index_key": 0,
          "schema_version": 2,
          "attributes": {
            "cidr_blocks": null,
            "description": "Allow node to communicate with each other.",
            "from_port": 0,
            "id": "sgrule-3745282997",
            "ipv6_cidr_blocks": null,
            "prefix_list_ids": null,
            "protocol": "-1",
            "security_group_id": "sg-0076ce55f565b7669",
            "self": false,
            "source_security_group_id": "sg-0076ce55f565b7669",
            "to_port": 65535,
            "type": "ingress"
          },
          "sensitive_attributes": [],
          "private": "eyJzY2hlbWFfdmVyc2lvbiI6IjIifQ==",
          "dependencies": [
            "module.eks-cluster.aws_security_group.workers",
            "module.vpc.aws_vpc.this"
          ],
          "create_before_destroy": true
        }
      ]
    },
    {
      "module": "module.eks-cluster",
      "mode": "managed",
      "type": "kubernetes_config_map",
      "name": "aws_auth",
      "provider": "provider[\"registry.terraform.io/hashicorp/kubernetes\"]",
      "instances": [
        {
          "index_key": 0,
          "schema_version": 0,
          "attributes": {
            "binary_data": null,
            "data": {
              "mapAccounts": "[]\n",
              "mapRoles": "- \"groups\":\n  - \"system:bootstrappers\"\n  - \"system:nodes\"\n  \"rolearn\": \"arn:aws:iam::535630329499:role/infra-vakyansh-systems2021022714041878440000000c\"\n  \"username\": \"system:node:{{EC2PrivateDNSName}}\"\n",
              "mapUsers": "[]\n"
            },
            "id": "kube-system/aws-auth",
            "metadata": [
              {
                "annotations": null,
                "generate_name": "",
                "generation": 0,
                "labels": {
                  "app.kubernetes.io/managed-by": "Terraform",
                  "terraform.io/module": "terraform-aws-modules.eks.aws"
                },
                "name": "aws-auth",
                "namespace": "kube-system",
                "resource_version": "594",
                "self_link": "/api/v1/namespaces/kube-system/configmaps/aws-auth",
                "uid": "9be2d752-30e3-48d7-af43-bfea2661e037"
              }
            ]
          },
          "sensitive_attributes": [],
          "private": "bnVsbA==",
          "dependencies": [
            "data.aws_availability_zones.available",
            "data.aws_eks_cluster.cluster",
            "data.aws_eks_cluster_auth.cluster",
            "module.eks-cluster.aws_cloudwatch_log_group.this",
            "module.eks-cluster.aws_eks_cluster.this",
            "module.eks-cluster.aws_iam_instance_profile.workers",
            "module.eks-cluster.aws_iam_instance_profile.workers_launch_template",
            "module.eks-cluster.aws_iam_role.cluster",
            "module.eks-cluster.aws_iam_role.workers",
            "module.eks-cluster.aws_iam_role_policy_attachment.cluster_AmazonEKSClusterPolicy",
            "module.eks-cluster.aws_iam_role_policy_attachment.cluster_AmazonEKSServicePolicy",
            "module.eks-cluster.aws_iam_role_policy_attachment.cluster_AmazonEKSVPCResourceControllerPolicy",
            "module.eks-cluster.aws_security_group.cluster",
            "module.eks-cluster.aws_security_group.workers",
            "module.eks-cluster.aws_security_group_rule.cluster_egress_internet",
            "module.eks-cluster.aws_security_group_rule.cluster_https_worker_ingress",
            "module.eks-cluster.aws_security_group_rule.cluster_private_access",
            "module.eks-cluster.data.aws_ami.eks_worker",
            "module.eks-cluster.data.aws_caller_identity.current",
            "module.eks-cluster.data.aws_iam_instance_profile.custom_worker_group_iam_instance_profile",
            "module.eks-cluster.data.aws_iam_instance_profile.custom_worker_group_launch_template_iam_instance_profile",
            "module.eks-cluster.data.aws_iam_policy_document.cluster_assume_role_policy",
            "module.eks-cluster.data.aws_iam_policy_document.workers_assume_role_policy",
            "module.eks-cluster.data.aws_iam_role.custom_cluster_iam_role",
            "module.eks-cluster.data.aws_partition.current",
            "module.eks-cluster.module.fargate.aws_iam_role.eks_fargate_pod",
            "module.eks-cluster.module.fargate.data.aws_iam_role.custom_fargate_iam_role",
            "module.eks-cluster.null_resource.wait_for_cluster",
            "module.vpc.aws_subnet.private",
            "module.vpc.aws_subnet.public",
            "module.vpc.aws_vpc.this",
            "module.vpc.aws_vpc_ipv4_cidr_block_association.this"
          ]
        }
      ]
    },
    {
      "module": "module.eks-cluster",
      "mode": "managed",
      "type": "local_file",
      "name": "kubeconfig",
      "provider": "provider[\"registry.terraform.io/hashicorp/local\"]",
      "instances": [
        {
          "index_key": 0,
          "schema_version": 0,
          "attributes": {
            "content": "apiVersion: v1\npreferences: {}\nkind: Config\n\nclusters:\n- cluster:\n    server: https://C0671A31926262372861D2F7E8BACDF9.sk1.ap-south-1.eks.amazonaws.com\n    certificate-authority-data: LS0tLS1CRUdJTiBDRVJUSUZJQ0FURS0tLS0tCk1JSUN5RENDQWJDZ0F3SUJBZ0lCQURBTkJna3Foa2lHOXcwQkFRc0ZBREFWTVJNd0VRWURWUVFERXdwcmRXSmwKY201bGRHVnpNQjRYRFRJeE1ESXlOekUwTURBME1Gb1hEVE14TURJeU5URTBNREEwTUZvd0ZURVRNQkVHQTFVRQpBeE1LYTNWaVpYSnVaWFJsY3pDQ0FTSXdEUVlKS29aSWh2Y05BUUVCQlFBRGdnRVBBRENDQVFvQ2dnRUJBTTdzCmorYllOazlxb0I3WTJSRDZFc08yblRQWUVpQ0hZNUdCWk04UWtsUmVYbDI2dmlhUDgwMllhcGxPNFBRU2xDeWkKL0ZLYmVZM3BESFlsWm8vdXRwUGxrREhVRzVNY2FZcHNuN1RIMm9rRCs2ekZzWHNQajdMa2RyNEUzUmxLTEtESgp6NzNib04xc3lIcEIyOFViYWExRGM2UDAydW5ERGo2K1lPcEtKdkFqczZjeDV3YUs2OTBOanBYdFFlbWFTd0ZuClNIazRjVXEva3l5cU0xczJEWHZUYTIxZ2hJTGtremZmVjZQeEp1VlU0MHZEc2dzZGs5NmZoMXo0ek5YTUhzcUMKamtBejFiVmsvQUdqN1V0K1gzZkpvV210bjMzZmUxWnI2YlVMMmJoeWFCSXJYWWZrOXVEUnIrRUZBTWZCbWNEWQppUnF1K3RORWZzTnVnRVZsVk9FQ0F3RUFBYU1qTUNFd0RnWURWUjBQQVFIL0JBUURBZ0trTUE4R0ExVWRFd0VCCi93UUZNQU1CQWY4d0RRWUpLb1pJaHZjTkFRRUxCUUFEZ2dFQkFNMjNhc2xLWWk4KzdKYmpKZTU4aWFHZ3QrTjUKSTRER3lZdW5peG85TUc1cU92a3dpM0FYdUhzc3NvYi9kdmtabjNsUjRtTkRTbVNoTU8xR3dsWHNyWUlNUjEwNwpFNmdKY1RINzlNS2tnc21RRDBrWjVqTjNQdkJoQ0xLQWRhaHYzcVdVbEY4ZS9TVVhZYWdEMFNaQit3anRQVENtCnBFNWdwUDlaSjRyRnRYR1k3S051TVh2bWJ1UmMxa3dSdjRMYUFXNmRXS3hnbkRBZFN0cUpaNm56VlBxUmppSEgKV29vbXBWRkVKYXBoZzRQNjRIdkVuLzV2c0RqRWZKZzRRRnAzcGx0RnpRV01uMWtwbElRazVEVVFrdzd6QU15ZgpMSC9zZEVRQW5nc1V1VlFHNXY2U21PY0R0YkZiRnQxaG5raldTNmRqVjVWRTRSaFVPYlRYYlV3aE9CYz0KLS0tLS1FTkQgQ0VSVElGSUNBVEUtLS0tLQo=\n  name: infra-vakyansh-systems\n\ncontexts:\n- context:\n    cluster: infra-vakyansh-systems\n    user: infra-vakyansh-systems\n  name: infra-vakyansh-systems\n\ncurrent-context: infra-vakyansh-systems\n\nusers:\n- name: infra-vakyansh-systems\n  user:\n    exec:\n      apiVersion: client.authentication.k8s.io/v1alpha1\n      command: aws-iam-authenticator\n      args:\n        - \"token\"\n        - \"-i\"\n        - \"infra-vakyansh-systems\"\n",
            "content_base64": null,
            "directory_permission": "0755",
            "file_permission": "0644",
            "filename": "./kubeconfig_infra-vakyansh-systems",
            "id": "954d916b59afdc371d1d28cfae2a5877d3610983",
            "sensitive_content": null,
            "source": null
          },
          "sensitive_attributes": [],
          "private": "bnVsbA==",
          "dependencies": [
            "data.aws_availability_zones.available",
            "module.eks-cluster.aws_cloudwatch_log_group.this",
            "module.eks-cluster.aws_eks_cluster.this",
            "module.eks-cluster.aws_iam_role.cluster",
            "module.eks-cluster.aws_iam_role_policy_attachment.cluster_AmazonEKSClusterPolicy",
            "module.eks-cluster.aws_iam_role_policy_attachment.cluster_AmazonEKSServicePolicy",
            "module.eks-cluster.aws_iam_role_policy_attachment.cluster_AmazonEKSVPCResourceControllerPolicy",
            "module.eks-cluster.aws_security_group.cluster",
            "module.eks-cluster.aws_security_group.workers",
            "module.eks-cluster.aws_security_group_rule.cluster_egress_internet",
            "module.eks-cluster.aws_security_group_rule.cluster_https_worker_ingress",
            "module.eks-cluster.data.aws_iam_policy_document.cluster_assume_role_policy",
            "module.eks-cluster.data.aws_iam_role.custom_cluster_iam_role",
            "module.eks-cluster.data.aws_partition.current",
            "module.vpc.aws_subnet.private",
            "module.vpc.aws_subnet.public",
            "module.vpc.aws_vpc.this",
            "module.vpc.aws_vpc_ipv4_cidr_block_association.this"
          ]
        }
      ]
    },
    {
      "module": "module.eks-cluster",
      "mode": "managed",
      "type": "null_resource",
      "name": "wait_for_cluster",
      "provider": "provider[\"registry.terraform.io/hashicorp/null\"]",
      "instances": [
        {
          "index_key": 0,
          "schema_version": 0,
          "attributes": {
            "id": "3848133179890447975",
            "triggers": null
          },
          "sensitive_attributes": [],
          "private": "bnVsbA==",
          "dependencies": [
            "data.aws_availability_zones.available",
            "module.eks-cluster.aws_cloudwatch_log_group.this",
            "module.eks-cluster.aws_eks_cluster.this",
            "module.eks-cluster.aws_iam_role.cluster",
            "module.eks-cluster.aws_iam_role_policy_attachment.cluster_AmazonEKSClusterPolicy",
            "module.eks-cluster.aws_iam_role_policy_attachment.cluster_AmazonEKSServicePolicy",
            "module.eks-cluster.aws_iam_role_policy_attachment.cluster_AmazonEKSVPCResourceControllerPolicy",
            "module.eks-cluster.aws_security_group.cluster",
            "module.eks-cluster.aws_security_group.workers",
            "module.eks-cluster.aws_security_group_rule.cluster_egress_internet",
            "module.eks-cluster.aws_security_group_rule.cluster_https_worker_ingress",
            "module.eks-cluster.aws_security_group_rule.cluster_private_access",
            "module.eks-cluster.data.aws_iam_policy_document.cluster_assume_role_policy",
            "module.eks-cluster.data.aws_iam_role.custom_cluster_iam_role",
            "module.eks-cluster.data.aws_partition.current",
            "module.vpc.aws_subnet.private",
            "module.vpc.aws_subnet.public",
            "module.vpc.aws_vpc.this",
            "module.vpc.aws_vpc_ipv4_cidr_block_association.this"
          ]
        }
      ]
    },
    {
      "module": "module.eks-cluster",
      "mode": "managed",
      "type": "random_pet",
      "name": "workers",
      "provider": "provider[\"registry.terraform.io/hashicorp/random\"]",
      "instances": [
        {
          "index_key": 0,
          "schema_version": 0,
          "attributes": {
            "id": "working-pipefish",
            "keepers": {
              "lc_name": "infra-vakyansh-systems-020210227140427138500000013"
            },
            "length": 2,
            "prefix": null,
            "separator": "-"
          },
          "sensitive_attributes": [],
          "private": "bnVsbA==",
          "dependencies": [
            "aws_security_group.bastion",
            "aws_security_group.private-instances",
            "data.aws_availability_zones.available",
            "module.eks-cluster.aws_cloudwatch_log_group.this",
            "module.eks-cluster.aws_eks_cluster.this",
            "module.eks-cluster.aws_iam_instance_profile.workers",
            "module.eks-cluster.aws_iam_role.cluster",
            "module.eks-cluster.aws_iam_role.workers",
            "module.eks-cluster.aws_iam_role_policy_attachment.cluster_AmazonEKSClusterPolicy",
            "module.eks-cluster.aws_iam_role_policy_attachment.cluster_AmazonEKSServicePolicy",
            "module.eks-cluster.aws_iam_role_policy_attachment.cluster_AmazonEKSVPCResourceControllerPolicy",
            "module.eks-cluster.aws_iam_role_policy_attachment.workers_AmazonEC2ContainerRegistryReadOnly",
            "module.eks-cluster.aws_iam_role_policy_attachment.workers_AmazonEKSWorkerNodePolicy",
            "module.eks-cluster.aws_iam_role_policy_attachment.workers_AmazonEKS_CNI_Policy",
            "module.eks-cluster.aws_iam_role_policy_attachment.workers_additional_policies",
            "module.eks-cluster.aws_launch_configuration.workers",
            "module.eks-cluster.aws_security_group.cluster",
            "module.eks-cluster.aws_security_group.workers",
            "module.eks-cluster.aws_security_group_rule.cluster_egress_internet",
            "module.eks-cluster.aws_security_group_rule.cluster_https_worker_ingress",
            "module.eks-cluster.aws_security_group_rule.cluster_primary_ingress_workers",
            "module.eks-cluster.aws_security_group_rule.workers_egress_internet",
            "module.eks-cluster.aws_security_group_rule.workers_ingress_cluster",
            "module.eks-cluster.aws_security_group_rule.workers_ingress_cluster_https",
            "module.eks-cluster.aws_security_group_rule.workers_ingress_cluster_kubelet",
            "module.eks-cluster.aws_security_group_rule.workers_ingress_cluster_primary",
            "module.eks-cluster.aws_security_group_rule.workers_ingress_self",
            "module.eks-cluster.data.aws_ami.eks_worker",
            "module.eks-cluster.data.aws_ami.eks_worker_windows",
            "module.eks-cluster.data.aws_iam_instance_profile.custom_worker_group_iam_instance_profile",
            "module.eks-cluster.data.aws_iam_policy_document.cluster_assume_role_policy",
            "module.eks-cluster.data.aws_iam_policy_document.workers_assume_role_policy",
            "module.eks-cluster.data.aws_iam_role.custom_cluster_iam_role",
            "module.eks-cluster.data.aws_partition.current",
            "module.eks-cluster.data.template_file.userdata",
            "module.vpc.aws_subnet.private",
            "module.vpc.aws_subnet.public",
            "module.vpc.aws_vpc.this",
            "module.vpc.aws_vpc_ipv4_cidr_block_association.this"
          ],
          "create_before_destroy": true
        }
      ]
    },
    {
      "module": "module.iam_assumable_role_admin",
      "mode": "data",
      "type": "aws_caller_identity",
      "name": "current",
      "provider": "provider[\"registry.terraform.io/hashicorp/aws\"]",
      "instances": [
        {
          "schema_version": 0,
          "attributes": {
            "account_id": "535630329499",
            "arn": "arn:aws:iam::535630329499:user/RajatSinghal",
            "id": "535630329499",
            "user_id": "AIDAXZNQOG2N7U2VB3MQV"
          },
          "sensitive_attributes": []
        }
      ]
    },
    {
      "module": "module.iam_assumable_role_admin",
      "mode": "data",
      "type": "aws_iam_policy_document",
      "name": "assume_role_with_oidc",
      "provider": "provider[\"registry.terraform.io/hashicorp/aws\"]",
      "instances": [
        {
          "index_key": 0,
          "schema_version": 0,
          "attributes": {
            "id": "1032639904",
            "json": "{\n  \"Version\": \"2012-10-17\",\n  \"Statement\": [\n    {\n      \"Sid\": \"\",\n      \"Effect\": \"Allow\",\n      \"Action\": \"sts:AssumeRoleWithWebIdentity\",\n      \"Principal\": {\n        \"Federated\": \"arn:aws:iam::535630329499:oidc-provider/oidc.eks.ap-south-1.amazonaws.com/id/C0671A31926262372861D2F7E8BACDF9\"\n      },\n      \"Condition\": {\n        \"StringEquals\": {\n          \"oidc.eks.ap-south-1.amazonaws.com/id/C0671A31926262372861D2F7E8BACDF9:sub\": [\n            \"system:serviceaccount:kube-system:cluster-autoscaler\"\n          ]\n        }\n      }\n    }\n  ]\n}",
            "override_json": null,
            "override_policy_documents": null,
            "policy_id": null,
            "source_json": null,
            "source_policy_documents": null,
            "statement": [
              {
                "actions": [
                  "sts:AssumeRoleWithWebIdentity"
                ],
                "condition": [
                  {
                    "test": "StringEquals",
                    "values": [
                      "system:serviceaccount:kube-system:cluster-autoscaler"
                    ],
                    "variable": "oidc.eks.ap-south-1.amazonaws.com/id/C0671A31926262372861D2F7E8BACDF9:sub"
                  }
                ],
                "effect": "Allow",
                "not_actions": [],
                "not_principals": [],
                "not_resources": [],
                "principals": [
                  {
                    "identifiers": [
                      "arn:aws:iam::535630329499:oidc-provider/oidc.eks.ap-south-1.amazonaws.com/id/C0671A31926262372861D2F7E8BACDF9"
                    ],
                    "type": "Federated"
                  }
                ],
                "resources": [],
                "sid": ""
              }
            ],
            "version": "2012-10-17"
          },
          "sensitive_attributes": []
        }
      ]
    },
    {
      "module": "module.iam_assumable_role_admin",
      "mode": "data",
      "type": "aws_partition",
      "name": "current",
      "provider": "provider[\"registry.terraform.io/hashicorp/aws\"]",
      "instances": [
        {
          "schema_version": 0,
          "attributes": {
            "dns_suffix": "amazonaws.com",
            "id": "aws",
            "partition": "aws",
            "reverse_dns_prefix": "com.amazonaws"
          },
          "sensitive_attributes": []
        }
      ]
    },
    {
      "module": "module.iam_assumable_role_admin",
      "mode": "managed",
      "type": "aws_iam_role",
      "name": "this",
      "provider": "provider[\"registry.terraform.io/hashicorp/aws\"]",
      "instances": [
        {
          "index_key": 0,
          "schema_version": 0,
          "attributes": {
            "arn": "arn:aws:iam::535630329499:role/infra-vakyansh-systems-cluster-autoscaler",
            "assume_role_policy": "{\"Version\":\"2012-10-17\",\"Statement\":[{\"Sid\":\"\",\"Effect\":\"Allow\",\"Principal\":{\"Federated\":\"arn:aws:iam::535630329499:oidc-provider/oidc.eks.ap-south-1.amazonaws.com/id/C0671A31926262372861D2F7E8BACDF9\"},\"Action\":\"sts:AssumeRoleWithWebIdentity\",\"Condition\":{\"StringEquals\":{\"oidc.eks.ap-south-1.amazonaws.com/id/C0671A31926262372861D2F7E8BACDF9:sub\":\"system:serviceaccount:kube-system:cluster-autoscaler\"}}}]}",
            "create_date": "2021-02-27T14:04:19Z",
            "description": "",
            "force_detach_policies": false,
            "id": "infra-vakyansh-systems-cluster-autoscaler",
            "inline_policy": [
              {
                "name": "",
                "policy": ""
              }
            ],
            "managed_policy_arns": [],
            "max_session_duration": 3600,
            "name": "infra-vakyansh-systems-cluster-autoscaler",
            "name_prefix": null,
            "path": "/",
            "permissions_boundary": "",
            "tags": null,
            "unique_id": "AROAXZNQOG2NUN7LZV2TP"
          },
          "sensitive_attributes": [],
          "private": "bnVsbA==",
          "dependencies": [
            "data.aws_availability_zones.available",
            "module.eks-cluster.aws_cloudwatch_log_group.this",
            "module.eks-cluster.aws_eks_cluster.this",
            "module.eks-cluster.aws_iam_role.cluster",
            "module.eks-cluster.aws_iam_role_policy_attachment.cluster_AmazonEKSClusterPolicy",
            "module.eks-cluster.aws_iam_role_policy_attachment.cluster_AmazonEKSServicePolicy",
            "module.eks-cluster.aws_iam_role_policy_attachment.cluster_AmazonEKSVPCResourceControllerPolicy",
            "module.eks-cluster.aws_security_group.cluster",
            "module.eks-cluster.aws_security_group.workers",
            "module.eks-cluster.aws_security_group_rule.cluster_egress_internet",
            "module.eks-cluster.aws_security_group_rule.cluster_https_worker_ingress",
            "module.eks-cluster.data.aws_iam_policy_document.cluster_assume_role_policy",
            "module.eks-cluster.data.aws_iam_role.custom_cluster_iam_role",
            "module.eks-cluster.data.aws_partition.current",
            "module.iam_assumable_role_admin.data.aws_caller_identity.current",
            "module.iam_assumable_role_admin.data.aws_iam_policy_document.assume_role_with_oidc",
            "module.iam_assumable_role_admin.data.aws_partition.current",
            "module.vpc.aws_subnet.private",
            "module.vpc.aws_subnet.public",
            "module.vpc.aws_vpc.this",
            "module.vpc.aws_vpc_ipv4_cidr_block_association.this"
          ]
        }
      ]
    },
    {
      "module": "module.iam_assumable_role_admin",
      "mode": "managed",
      "type": "aws_iam_role_policy_attachment",
      "name": "custom",
      "provider": "provider[\"registry.terraform.io/hashicorp/aws\"]",
      "instances": [
        {
          "index_key": 0,
          "schema_version": 0,
          "attributes": {
            "id": "infra-vakyansh-systems-cluster-autoscaler-2021022714042412770000000f",
            "policy_arn": "arn:aws:iam::535630329499:policy/cluster-autoscaler2021022714041927190000000d",
            "role": "infra-vakyansh-systems-cluster-autoscaler"
          },
          "sensitive_attributes": [],
          "private": "bnVsbA==",
          "dependencies": [
            "aws_iam_policy.cluster_autoscaler",
            "data.aws_availability_zones.available",
            "data.aws_iam_policy_document.cluster_autoscaler",
            "module.eks-cluster.aws_cloudwatch_log_group.this",
            "module.eks-cluster.aws_eks_cluster.this",
            "module.eks-cluster.aws_iam_role.cluster",
            "module.eks-cluster.aws_iam_role_policy_attachment.cluster_AmazonEKSClusterPolicy",
            "module.eks-cluster.aws_iam_role_policy_attachment.cluster_AmazonEKSServicePolicy",
            "module.eks-cluster.aws_iam_role_policy_attachment.cluster_AmazonEKSVPCResourceControllerPolicy",
            "module.eks-cluster.aws_security_group.cluster",
            "module.eks-cluster.aws_security_group.workers",
            "module.eks-cluster.aws_security_group_rule.cluster_egress_internet",
            "module.eks-cluster.aws_security_group_rule.cluster_https_worker_ingress",
            "module.eks-cluster.aws_security_group_rule.cluster_private_access",
            "module.eks-cluster.data.aws_iam_policy_document.cluster_assume_role_policy",
            "module.eks-cluster.data.aws_iam_role.custom_cluster_iam_role",
            "module.eks-cluster.data.aws_partition.current",
            "module.eks-cluster.null_resource.wait_for_cluster",
            "module.iam_assumable_role_admin.aws_iam_role.this",
            "module.iam_assumable_role_admin.data.aws_caller_identity.current",
            "module.iam_assumable_role_admin.data.aws_iam_policy_document.assume_role_with_oidc",
            "module.iam_assumable_role_admin.data.aws_partition.current",
            "module.vpc.aws_subnet.private",
            "module.vpc.aws_subnet.public",
            "module.vpc.aws_vpc.this",
            "module.vpc.aws_vpc_ipv4_cidr_block_association.this"
          ]
        }
      ]
    },
    {
      "module": "module.vpc",
      "mode": "managed",
      "type": "aws_eip",
      "name": "nat",
      "provider": "provider[\"registry.terraform.io/hashicorp/aws\"]",
      "instances": [
        {
          "index_key": 0,
          "schema_version": 0,
          "attributes": {
            "allocation_id": null,
            "associate_with_private_ip": null,
            "association_id": "",
            "carrier_ip": "",
            "customer_owned_ip": "",
            "customer_owned_ipv4_pool": "",
            "domain": "vpc",
            "id": "eipalloc-092e97f43b97a1878",
            "instance": "",
            "network_border_group": "ap-south-1",
            "network_interface": "",
            "private_dns": null,
            "private_ip": "",
            "public_dns": "ec2-13-233-42-3.ap-south-1.compute.amazonaws.com",
            "public_ip": "13.233.42.3",
            "public_ipv4_pool": "amazon",
            "tags": {
              "Cluster": "infra-vakyansh-systems",
              "Environment": "test",
              "Name": "infra-vakyansh-systems-ap-south-1a",
              "Project": "vakyansh"
            },
            "timeouts": null,
            "vpc": true
          },
          "sensitive_attributes": [],
          "private": "eyJlMmJmYjczMC1lY2FhLTExZTYtOGY4OC0zNDM2M2JjN2M0YzAiOnsiZGVsZXRlIjoxODAwMDAwMDAwMDAsInJlYWQiOjkwMDAwMDAwMDAwMCwidXBkYXRlIjozMDAwMDAwMDAwMDB9fQ==",
          "dependencies": [
            "data.aws_availability_zones.available",
            "module.vpc.aws_subnet.private",
            "module.vpc.aws_vpc.this",
            "module.vpc.aws_vpc_ipv4_cidr_block_association.this"
          ]
        },
        {
          "index_key": 1,
          "schema_version": 0,
          "attributes": {
            "allocation_id": null,
            "associate_with_private_ip": null,
            "association_id": "",
            "carrier_ip": "",
            "customer_owned_ip": "",
            "customer_owned_ipv4_pool": "",
            "domain": "vpc",
            "id": "eipalloc-0171b27745948ee47",
            "instance": "",
            "network_border_group": "ap-south-1",
            "network_interface": "",
            "private_dns": null,
            "private_ip": "",
            "public_dns": "ec2-52-66-97-48.ap-south-1.compute.amazonaws.com",
            "public_ip": "52.66.97.48",
            "public_ipv4_pool": "amazon",
            "tags": {
              "Cluster": "infra-vakyansh-systems",
              "Environment": "test",
              "Name": "infra-vakyansh-systems-ap-south-1b",
              "Project": "vakyansh"
            },
            "timeouts": null,
            "vpc": true
          },
          "sensitive_attributes": [],
          "private": "eyJlMmJmYjczMC1lY2FhLTExZTYtOGY4OC0zNDM2M2JjN2M0YzAiOnsiZGVsZXRlIjoxODAwMDAwMDAwMDAsInJlYWQiOjkwMDAwMDAwMDAwMCwidXBkYXRlIjozMDAwMDAwMDAwMDB9fQ==",
          "dependencies": [
            "data.aws_availability_zones.available",
            "module.vpc.aws_subnet.private",
            "module.vpc.aws_vpc.this",
            "module.vpc.aws_vpc_ipv4_cidr_block_association.this"
          ]
        },
        {
          "index_key": 2,
          "schema_version": 0,
          "attributes": {
            "allocation_id": null,
            "associate_with_private_ip": null,
            "association_id": "",
            "carrier_ip": "",
            "customer_owned_ip": "",
            "customer_owned_ipv4_pool": "",
            "domain": "vpc",
            "id": "eipalloc-02bd7509cc0515dd9",
            "instance": "",
            "network_border_group": "ap-south-1",
            "network_interface": "",
            "private_dns": null,
            "private_ip": "",
            "public_dns": "ec2-65-0-137-22.ap-south-1.compute.amazonaws.com",
            "public_ip": "65.0.137.22",
            "public_ipv4_pool": "amazon",
            "tags": {
              "Cluster": "infra-vakyansh-systems",
              "Environment": "test",
              "Name": "infra-vakyansh-systems-ap-south-1c",
              "Project": "vakyansh"
            },
            "timeouts": null,
            "vpc": true
          },
          "sensitive_attributes": [],
          "private": "eyJlMmJmYjczMC1lY2FhLTExZTYtOGY4OC0zNDM2M2JjN2M0YzAiOnsiZGVsZXRlIjoxODAwMDAwMDAwMDAsInJlYWQiOjkwMDAwMDAwMDAwMCwidXBkYXRlIjozMDAwMDAwMDAwMDB9fQ==",
          "dependencies": [
            "data.aws_availability_zones.available",
            "module.vpc.aws_subnet.private",
            "module.vpc.aws_vpc.this",
            "module.vpc.aws_vpc_ipv4_cidr_block_association.this"
          ]
        }
      ]
    },
    {
      "module": "module.vpc",
      "mode": "managed",
      "type": "aws_internet_gateway",
      "name": "this",
      "provider": "provider[\"registry.terraform.io/hashicorp/aws\"]",
      "instances": [
        {
          "index_key": 0,
          "schema_version": 0,
          "attributes": {
            "arn": "arn:aws:ec2:ap-south-1:535630329499:internet-gateway/igw-05ba9ab6fc980ffde",
            "id": "igw-05ba9ab6fc980ffde",
            "owner_id": "535630329499",
            "tags": {
              "Cluster": "infra-vakyansh-systems",
              "Environment": "test",
              "Name": "infra-vakyansh-systems",
              "Project": "vakyansh"
            },
            "vpc_id": "vpc-0f25d3676071e43db"
          },
          "sensitive_attributes": [],
          "private": "bnVsbA==",
          "dependencies": [
            "module.vpc.aws_vpc.this",
            "module.vpc.aws_vpc_ipv4_cidr_block_association.this"
          ]
        }
      ]
    },
    {
      "module": "module.vpc",
      "mode": "managed",
      "type": "aws_nat_gateway",
      "name": "this",
      "provider": "provider[\"registry.terraform.io/hashicorp/aws\"]",
      "instances": [
        {
          "index_key": 0,
          "schema_version": 0,
          "attributes": {
            "allocation_id": "eipalloc-092e97f43b97a1878",
            "id": "nat-0f42d2c52f24360db",
            "network_interface_id": "eni-08f43136d63f6d74b",
            "private_ip": "10.0.4.56",
            "public_ip": "13.233.42.3",
            "subnet_id": "subnet-001ecd3190987a1db",
            "tags": {
              "Cluster": "infra-vakyansh-systems",
              "Environment": "test",
              "Name": "infra-vakyansh-systems-ap-south-1a",
              "Project": "vakyansh"
            }
          },
          "sensitive_attributes": [],
          "private": "bnVsbA==",
          "dependencies": [
            "data.aws_availability_zones.available",
            "module.vpc.aws_eip.nat",
            "module.vpc.aws_internet_gateway.this",
            "module.vpc.aws_subnet.private",
            "module.vpc.aws_subnet.public",
            "module.vpc.aws_vpc.this",
            "module.vpc.aws_vpc_ipv4_cidr_block_association.this"
          ]
        },
        {
          "index_key": 1,
          "schema_version": 0,
          "attributes": {
            "allocation_id": "eipalloc-0171b27745948ee47",
            "id": "nat-0c7735f899d520532",
            "network_interface_id": "eni-0a17ea7d49bd3d419",
            "private_ip": "10.0.5.248",
            "public_ip": "52.66.97.48",
            "subnet_id": "subnet-067de381e7a651fc4",
            "tags": {
              "Cluster": "infra-vakyansh-systems",
              "Environment": "test",
              "Name": "infra-vakyansh-systems-ap-south-1b",
              "Project": "vakyansh"
            }
          },
          "sensitive_attributes": [],
          "private": "bnVsbA==",
          "dependencies": [
            "data.aws_availability_zones.available",
            "module.vpc.aws_eip.nat",
            "module.vpc.aws_internet_gateway.this",
            "module.vpc.aws_subnet.private",
            "module.vpc.aws_subnet.public",
            "module.vpc.aws_vpc.this",
            "module.vpc.aws_vpc_ipv4_cidr_block_association.this"
          ]
        },
        {
          "index_key": 2,
          "schema_version": 0,
          "attributes": {
            "allocation_id": "eipalloc-02bd7509cc0515dd9",
            "id": "nat-01101d33b13f50728",
            "network_interface_id": "eni-073be19c9d0a29af6",
            "private_ip": "10.0.6.50",
            "public_ip": "65.0.137.22",
            "subnet_id": "subnet-00b4edcf683df6392",
            "tags": {
              "Cluster": "infra-vakyansh-systems",
              "Environment": "test",
              "Name": "infra-vakyansh-systems-ap-south-1c",
              "Project": "vakyansh"
            }
          },
          "sensitive_attributes": [],
          "private": "bnVsbA==",
          "dependencies": [
            "data.aws_availability_zones.available",
            "module.vpc.aws_eip.nat",
            "module.vpc.aws_internet_gateway.this",
            "module.vpc.aws_subnet.private",
            "module.vpc.aws_subnet.public",
            "module.vpc.aws_vpc.this",
            "module.vpc.aws_vpc_ipv4_cidr_block_association.this"
          ]
        }
      ]
    },
    {
      "module": "module.vpc",
      "mode": "managed",
      "type": "aws_route",
      "name": "private_nat_gateway",
      "provider": "provider[\"registry.terraform.io/hashicorp/aws\"]",
      "instances": [
        {
          "index_key": 0,
          "schema_version": 0,
          "attributes": {
            "destination_cidr_block": "0.0.0.0/0",
            "destination_ipv6_cidr_block": "",
            "destination_prefix_list_id": "",
            "egress_only_gateway_id": "",
            "gateway_id": "",
            "id": "r-rtb-0d3f5c209958704a41080289494",
            "instance_id": "",
            "instance_owner_id": "",
            "local_gateway_id": "",
            "nat_gateway_id": "nat-0f42d2c52f24360db",
            "network_interface_id": "",
            "origin": "CreateRoute",
            "route_table_id": "rtb-0d3f5c209958704a4",
            "state": "active",
            "timeouts": {
              "create": "5m",
              "delete": null
            },
            "transit_gateway_id": "",
            "vpc_endpoint_id": null,
            "vpc_peering_connection_id": ""
          },
          "sensitive_attributes": [],
          "private": "eyJlMmJmYjczMC1lY2FhLTExZTYtOGY4OC0zNDM2M2JjN2M0YzAiOnsiY3JlYXRlIjozMDAwMDAwMDAwMDAsImRlbGV0ZSI6MzAwMDAwMDAwMDAwfX0=",
          "dependencies": [
            "data.aws_availability_zones.available",
            "module.vpc.aws_eip.nat",
            "module.vpc.aws_internet_gateway.this",
            "module.vpc.aws_nat_gateway.this",
            "module.vpc.aws_route_table.private",
            "module.vpc.aws_subnet.private",
            "module.vpc.aws_subnet.public",
            "module.vpc.aws_vpc.this",
            "module.vpc.aws_vpc_ipv4_cidr_block_association.this"
          ]
        },
        {
          "index_key": 1,
          "schema_version": 0,
          "attributes": {
            "destination_cidr_block": "0.0.0.0/0",
            "destination_ipv6_cidr_block": "",
            "destination_prefix_list_id": "",
            "egress_only_gateway_id": "",
            "gateway_id": "",
            "id": "r-rtb-0ba6b5a2adb97d3ec1080289494",
            "instance_id": "",
            "instance_owner_id": "",
            "local_gateway_id": "",
            "nat_gateway_id": "nat-0c7735f899d520532",
            "network_interface_id": "",
            "origin": "CreateRoute",
            "route_table_id": "rtb-0ba6b5a2adb97d3ec",
            "state": "active",
            "timeouts": {
              "create": "5m",
              "delete": null
            },
            "transit_gateway_id": "",
            "vpc_endpoint_id": null,
            "vpc_peering_connection_id": ""
          },
          "sensitive_attributes": [],
          "private": "eyJlMmJmYjczMC1lY2FhLTExZTYtOGY4OC0zNDM2M2JjN2M0YzAiOnsiY3JlYXRlIjozMDAwMDAwMDAwMDAsImRlbGV0ZSI6MzAwMDAwMDAwMDAwfX0=",
          "dependencies": [
            "data.aws_availability_zones.available",
            "module.vpc.aws_eip.nat",
            "module.vpc.aws_internet_gateway.this",
            "module.vpc.aws_nat_gateway.this",
            "module.vpc.aws_route_table.private",
            "module.vpc.aws_subnet.private",
            "module.vpc.aws_subnet.public",
            "module.vpc.aws_vpc.this",
            "module.vpc.aws_vpc_ipv4_cidr_block_association.this"
          ]
        },
        {
          "index_key": 2,
          "schema_version": 0,
          "attributes": {
            "destination_cidr_block": "0.0.0.0/0",
            "destination_ipv6_cidr_block": "",
            "destination_prefix_list_id": "",
            "egress_only_gateway_id": "",
            "gateway_id": "",
            "id": "r-rtb-0cf8cb8c5313ca7721080289494",
            "instance_id": "",
            "instance_owner_id": "",
            "local_gateway_id": "",
            "nat_gateway_id": "nat-01101d33b13f50728",
            "network_interface_id": "",
            "origin": "CreateRoute",
            "route_table_id": "rtb-0cf8cb8c5313ca772",
            "state": "active",
            "timeouts": {
              "create": "5m",
              "delete": null
            },
            "transit_gateway_id": "",
            "vpc_endpoint_id": null,
            "vpc_peering_connection_id": ""
          },
          "sensitive_attributes": [],
          "private": "eyJlMmJmYjczMC1lY2FhLTExZTYtOGY4OC0zNDM2M2JjN2M0YzAiOnsiY3JlYXRlIjozMDAwMDAwMDAwMDAsImRlbGV0ZSI6MzAwMDAwMDAwMDAwfX0=",
          "dependencies": [
            "data.aws_availability_zones.available",
            "module.vpc.aws_eip.nat",
            "module.vpc.aws_internet_gateway.this",
            "module.vpc.aws_nat_gateway.this",
            "module.vpc.aws_route_table.private",
            "module.vpc.aws_subnet.private",
            "module.vpc.aws_subnet.public",
            "module.vpc.aws_vpc.this",
            "module.vpc.aws_vpc_ipv4_cidr_block_association.this"
          ]
        }
      ]
    },
    {
      "module": "module.vpc",
      "mode": "managed",
      "type": "aws_route",
      "name": "public_internet_gateway",
      "provider": "provider[\"registry.terraform.io/hashicorp/aws\"]",
      "instances": [
        {
          "index_key": 0,
          "schema_version": 0,
          "attributes": {
            "destination_cidr_block": "0.0.0.0/0",
            "destination_ipv6_cidr_block": "",
            "destination_prefix_list_id": "",
            "egress_only_gateway_id": "",
            "gateway_id": "igw-05ba9ab6fc980ffde",
            "id": "r-rtb-00faefead4f8fdceb1080289494",
            "instance_id": "",
            "instance_owner_id": "",
            "local_gateway_id": "",
            "nat_gateway_id": "",
            "network_interface_id": "",
            "origin": "CreateRoute",
            "route_table_id": "rtb-00faefead4f8fdceb",
            "state": "active",
            "timeouts": {
              "create": "5m",
              "delete": null
            },
            "transit_gateway_id": "",
            "vpc_endpoint_id": null,
            "vpc_peering_connection_id": ""
          },
          "sensitive_attributes": [],
          "private": "eyJlMmJmYjczMC1lY2FhLTExZTYtOGY4OC0zNDM2M2JjN2M0YzAiOnsiY3JlYXRlIjozMDAwMDAwMDAwMDAsImRlbGV0ZSI6MzAwMDAwMDAwMDAwfX0=",
          "dependencies": [
            "module.vpc.aws_internet_gateway.this",
            "module.vpc.aws_route_table.public",
            "module.vpc.aws_vpc.this",
            "module.vpc.aws_vpc_ipv4_cidr_block_association.this"
          ]
        }
      ]
    },
    {
      "module": "module.vpc",
      "mode": "managed",
      "type": "aws_route_table",
      "name": "private",
      "provider": "provider[\"registry.terraform.io/hashicorp/aws\"]",
      "instances": [
        {
          "index_key": 0,
          "schema_version": 0,
          "attributes": {
            "id": "rtb-0d3f5c209958704a4",
            "owner_id": "535630329499",
            "propagating_vgws": [],
            "route": [],
            "tags": {
              "Cluster": "infra-vakyansh-systems",
              "Environment": "test",
              "Name": "infra-vakyansh-systems-private-ap-south-1a",
              "Project": "vakyansh"
            },
            "vpc_id": "vpc-0f25d3676071e43db"
          },
          "sensitive_attributes": [],
          "private": "bnVsbA==",
          "dependencies": [
            "data.aws_availability_zones.available",
            "module.vpc.aws_subnet.private",
            "module.vpc.aws_vpc.this",
            "module.vpc.aws_vpc_ipv4_cidr_block_association.this"
          ]
        },
        {
          "index_key": 1,
          "schema_version": 0,
          "attributes": {
            "id": "rtb-0ba6b5a2adb97d3ec",
            "owner_id": "535630329499",
            "propagating_vgws": [],
            "route": [],
            "tags": {
              "Cluster": "infra-vakyansh-systems",
              "Environment": "test",
              "Name": "infra-vakyansh-systems-private-ap-south-1b",
              "Project": "vakyansh"
            },
            "vpc_id": "vpc-0f25d3676071e43db"
          },
          "sensitive_attributes": [],
          "private": "bnVsbA==",
          "dependencies": [
            "data.aws_availability_zones.available",
            "module.vpc.aws_subnet.private",
            "module.vpc.aws_vpc.this",
            "module.vpc.aws_vpc_ipv4_cidr_block_association.this"
          ]
        },
        {
          "index_key": 2,
          "schema_version": 0,
          "attributes": {
            "id": "rtb-0cf8cb8c5313ca772",
            "owner_id": "535630329499",
            "propagating_vgws": [],
            "route": [],
            "tags": {
              "Cluster": "infra-vakyansh-systems",
              "Environment": "test",
              "Name": "infra-vakyansh-systems-private-ap-south-1c",
              "Project": "vakyansh"
            },
            "vpc_id": "vpc-0f25d3676071e43db"
          },
          "sensitive_attributes": [],
          "private": "bnVsbA==",
          "dependencies": [
            "data.aws_availability_zones.available",
            "module.vpc.aws_subnet.private",
            "module.vpc.aws_vpc.this",
            "module.vpc.aws_vpc_ipv4_cidr_block_association.this"
          ]
        }
      ]
    },
    {
      "module": "module.vpc",
      "mode": "managed",
      "type": "aws_route_table",
      "name": "public",
      "provider": "provider[\"registry.terraform.io/hashicorp/aws\"]",
      "instances": [
        {
          "index_key": 0,
          "schema_version": 0,
          "attributes": {
            "id": "rtb-00faefead4f8fdceb",
            "owner_id": "535630329499",
            "propagating_vgws": [],
            "route": [],
            "tags": {
              "Cluster": "infra-vakyansh-systems",
              "Environment": "test",
              "Name": "infra-vakyansh-systems-public",
              "Project": "vakyansh"
            },
            "vpc_id": "vpc-0f25d3676071e43db"
          },
          "sensitive_attributes": [],
          "private": "bnVsbA==",
          "dependencies": [
            "module.vpc.aws_vpc.this",
            "module.vpc.aws_vpc_ipv4_cidr_block_association.this"
          ]
        }
      ]
    },
    {
      "module": "module.vpc",
      "mode": "managed",
      "type": "aws_route_table_association",
      "name": "private",
      "provider": "provider[\"registry.terraform.io/hashicorp/aws\"]",
      "instances": [
        {
          "index_key": 0,
          "schema_version": 0,
          "attributes": {
            "gateway_id": null,
            "id": "rtbassoc-0ac6c8723783603a5",
            "route_table_id": "rtb-0d3f5c209958704a4",
            "subnet_id": "subnet-0c26a3394a799ac6e"
          },
          "sensitive_attributes": [],
          "private": "bnVsbA==",
          "dependencies": [
            "data.aws_availability_zones.available",
            "module.vpc.aws_route_table.private",
            "module.vpc.aws_subnet.private",
            "module.vpc.aws_vpc.this",
            "module.vpc.aws_vpc_ipv4_cidr_block_association.this"
          ]
        },
        {
          "index_key": 1,
          "schema_version": 0,
          "attributes": {
            "gateway_id": null,
            "id": "rtbassoc-0afee0f3df9183f4a",
            "route_table_id": "rtb-0ba6b5a2adb97d3ec",
            "subnet_id": "subnet-02818a5deea42e173"
          },
          "sensitive_attributes": [],
          "private": "bnVsbA==",
          "dependencies": [
            "data.aws_availability_zones.available",
            "module.vpc.aws_route_table.private",
            "module.vpc.aws_subnet.private",
            "module.vpc.aws_vpc.this",
            "module.vpc.aws_vpc_ipv4_cidr_block_association.this"
          ]
        },
        {
          "index_key": 2,
          "schema_version": 0,
          "attributes": {
            "gateway_id": null,
            "id": "rtbassoc-0b5d899a97201dea2",
            "route_table_id": "rtb-0cf8cb8c5313ca772",
            "subnet_id": "subnet-0b69731468c1acaac"
          },
          "sensitive_attributes": [],
          "private": "bnVsbA==",
          "dependencies": [
            "data.aws_availability_zones.available",
            "module.vpc.aws_route_table.private",
            "module.vpc.aws_subnet.private",
            "module.vpc.aws_vpc.this",
            "module.vpc.aws_vpc_ipv4_cidr_block_association.this"
          ]
        }
      ]
    },
    {
      "module": "module.vpc",
      "mode": "managed",
      "type": "aws_route_table_association",
      "name": "public",
      "provider": "provider[\"registry.terraform.io/hashicorp/aws\"]",
      "instances": [
        {
          "index_key": 0,
          "schema_version": 0,
          "attributes": {
            "gateway_id": null,
            "id": "rtbassoc-00931fdb2b260510e",
            "route_table_id": "rtb-00faefead4f8fdceb",
            "subnet_id": "subnet-001ecd3190987a1db"
          },
          "sensitive_attributes": [],
          "private": "bnVsbA==",
          "dependencies": [
            "data.aws_availability_zones.available",
            "module.vpc.aws_route_table.public",
            "module.vpc.aws_subnet.private",
            "module.vpc.aws_subnet.public",
            "module.vpc.aws_vpc.this",
            "module.vpc.aws_vpc_ipv4_cidr_block_association.this"
          ]
        },
        {
          "index_key": 1,
          "schema_version": 0,
          "attributes": {
            "gateway_id": null,
            "id": "rtbassoc-01ffb07c10952fac4",
            "route_table_id": "rtb-00faefead4f8fdceb",
            "subnet_id": "subnet-067de381e7a651fc4"
          },
          "sensitive_attributes": [],
          "private": "bnVsbA==",
          "dependencies": [
            "data.aws_availability_zones.available",
            "module.vpc.aws_route_table.public",
            "module.vpc.aws_subnet.private",
            "module.vpc.aws_subnet.public",
            "module.vpc.aws_vpc.this",
            "module.vpc.aws_vpc_ipv4_cidr_block_association.this"
          ]
        },
        {
          "index_key": 2,
          "schema_version": 0,
          "attributes": {
            "gateway_id": null,
            "id": "rtbassoc-0442d0777de15d666",
            "route_table_id": "rtb-00faefead4f8fdceb",
            "subnet_id": "subnet-00b4edcf683df6392"
          },
          "sensitive_attributes": [],
          "private": "bnVsbA==",
          "dependencies": [
            "data.aws_availability_zones.available",
            "module.vpc.aws_route_table.public",
            "module.vpc.aws_subnet.private",
            "module.vpc.aws_subnet.public",
            "module.vpc.aws_vpc.this",
            "module.vpc.aws_vpc_ipv4_cidr_block_association.this"
          ]
        }
      ]
    },
    {
      "module": "module.vpc",
      "mode": "managed",
      "type": "aws_subnet",
      "name": "private",
      "provider": "provider[\"registry.terraform.io/hashicorp/aws\"]",
      "instances": [
        {
          "index_key": 0,
          "schema_version": 1,
          "attributes": {
            "arn": "arn:aws:ec2:ap-south-1:535630329499:subnet/subnet-0c26a3394a799ac6e",
            "assign_ipv6_address_on_creation": false,
            "availability_zone": "ap-south-1a",
            "availability_zone_id": "aps1-az1",
            "cidr_block": "10.0.1.0/24",
            "customer_owned_ipv4_pool": "",
            "id": "subnet-0c26a3394a799ac6e",
            "ipv6_cidr_block": "",
            "ipv6_cidr_block_association_id": "",
            "map_customer_owned_ip_on_launch": false,
            "map_public_ip_on_launch": false,
            "outpost_arn": "",
            "owner_id": "535630329499",
            "tags": {
              "Cluster": "infra-vakyansh-systems",
              "Environment": "test",
              "Name": "infra-vakyansh-systems-private-ap-south-1a",
              "Project": "vakyansh",
              "kubernetes.io/cluster/infra-vakyansh-systems": "shared",
              "kubernetes.io/role/internal-elb": "1"
            },
            "timeouts": null,
            "vpc_id": "vpc-0f25d3676071e43db"
          },
          "sensitive_attributes": [],
          "private": "eyJlMmJmYjczMC1lY2FhLTExZTYtOGY4OC0zNDM2M2JjN2M0YzAiOnsiY3JlYXRlIjo2MDAwMDAwMDAwMDAsImRlbGV0ZSI6MTIwMDAwMDAwMDAwMH0sInNjaGVtYV92ZXJzaW9uIjoiMSJ9",
          "dependencies": [
            "data.aws_availability_zones.available",
            "module.vpc.aws_vpc.this",
            "module.vpc.aws_vpc_ipv4_cidr_block_association.this"
          ],
          "create_before_destroy": true
        },
        {
          "index_key": 1,
          "schema_version": 1,
          "attributes": {
            "arn": "arn:aws:ec2:ap-south-1:535630329499:subnet/subnet-02818a5deea42e173",
            "assign_ipv6_address_on_creation": false,
            "availability_zone": "ap-south-1b",
            "availability_zone_id": "aps1-az3",
            "cidr_block": "10.0.2.0/24",
            "customer_owned_ipv4_pool": "",
            "id": "subnet-02818a5deea42e173",
            "ipv6_cidr_block": "",
            "ipv6_cidr_block_association_id": "",
            "map_customer_owned_ip_on_launch": false,
            "map_public_ip_on_launch": false,
            "outpost_arn": "",
            "owner_id": "535630329499",
            "tags": {
              "Cluster": "infra-vakyansh-systems",
              "Environment": "test",
              "Name": "infra-vakyansh-systems-private-ap-south-1b",
              "Project": "vakyansh",
              "kubernetes.io/cluster/infra-vakyansh-systems": "shared",
              "kubernetes.io/role/internal-elb": "1"
            },
            "timeouts": null,
            "vpc_id": "vpc-0f25d3676071e43db"
          },
          "sensitive_attributes": [],
          "private": "eyJlMmJmYjczMC1lY2FhLTExZTYtOGY4OC0zNDM2M2JjN2M0YzAiOnsiY3JlYXRlIjo2MDAwMDAwMDAwMDAsImRlbGV0ZSI6MTIwMDAwMDAwMDAwMH0sInNjaGVtYV92ZXJzaW9uIjoiMSJ9",
          "dependencies": [
            "data.aws_availability_zones.available",
            "module.vpc.aws_vpc.this",
            "module.vpc.aws_vpc_ipv4_cidr_block_association.this"
          ],
          "create_before_destroy": true
        },
        {
          "index_key": 2,
          "schema_version": 1,
          "attributes": {
            "arn": "arn:aws:ec2:ap-south-1:535630329499:subnet/subnet-0b69731468c1acaac",
            "assign_ipv6_address_on_creation": false,
            "availability_zone": "ap-south-1c",
            "availability_zone_id": "aps1-az2",
            "cidr_block": "10.0.3.0/24",
            "customer_owned_ipv4_pool": "",
            "id": "subnet-0b69731468c1acaac",
            "ipv6_cidr_block": "",
            "ipv6_cidr_block_association_id": "",
            "map_customer_owned_ip_on_launch": false,
            "map_public_ip_on_launch": false,
            "outpost_arn": "",
            "owner_id": "535630329499",
            "tags": {
              "Cluster": "infra-vakyansh-systems",
              "Environment": "test",
              "Name": "infra-vakyansh-systems-private-ap-south-1c",
              "Project": "vakyansh",
              "kubernetes.io/cluster/infra-vakyansh-systems": "shared",
              "kubernetes.io/role/internal-elb": "1"
            },
            "timeouts": null,
            "vpc_id": "vpc-0f25d3676071e43db"
          },
          "sensitive_attributes": [],
          "private": "eyJlMmJmYjczMC1lY2FhLTExZTYtOGY4OC0zNDM2M2JjN2M0YzAiOnsiY3JlYXRlIjo2MDAwMDAwMDAwMDAsImRlbGV0ZSI6MTIwMDAwMDAwMDAwMH0sInNjaGVtYV92ZXJzaW9uIjoiMSJ9",
          "dependencies": [
            "data.aws_availability_zones.available",
            "module.vpc.aws_vpc.this",
            "module.vpc.aws_vpc_ipv4_cidr_block_association.this"
          ],
          "create_before_destroy": true
        }
      ]
    },
    {
      "module": "module.vpc",
      "mode": "managed",
      "type": "aws_subnet",
      "name": "public",
      "provider": "provider[\"registry.terraform.io/hashicorp/aws\"]",
      "instances": [
        {
          "index_key": 0,
          "schema_version": 1,
          "attributes": {
            "arn": "arn:aws:ec2:ap-south-1:535630329499:subnet/subnet-001ecd3190987a1db",
            "assign_ipv6_address_on_creation": false,
            "availability_zone": "ap-south-1a",
            "availability_zone_id": "aps1-az1",
            "cidr_block": "10.0.4.0/24",
            "customer_owned_ipv4_pool": "",
            "id": "subnet-001ecd3190987a1db",
            "ipv6_cidr_block": "",
            "ipv6_cidr_block_association_id": "",
            "map_customer_owned_ip_on_launch": false,
            "map_public_ip_on_launch": true,
            "outpost_arn": "",
            "owner_id": "535630329499",
            "tags": {
              "Cluster": "infra-vakyansh-systems",
              "Environment": "test",
              "Name": "infra-vakyansh-systems-public-ap-south-1a",
              "Project": "vakyansh",
              "kubernetes.io/cluster/infra-vakyansh-systems": "shared",
              "kubernetes.io/role/elb": "1"
            },
            "timeouts": null,
            "vpc_id": "vpc-0f25d3676071e43db"
          },
          "sensitive_attributes": [],
          "private": "eyJlMmJmYjczMC1lY2FhLTExZTYtOGY4OC0zNDM2M2JjN2M0YzAiOnsiY3JlYXRlIjo2MDAwMDAwMDAwMDAsImRlbGV0ZSI6MTIwMDAwMDAwMDAwMH0sInNjaGVtYV92ZXJzaW9uIjoiMSJ9",
          "dependencies": [
            "data.aws_availability_zones.available",
            "module.vpc.aws_subnet.private",
            "module.vpc.aws_vpc.this",
            "module.vpc.aws_vpc_ipv4_cidr_block_association.this"
          ],
          "create_before_destroy": true
        },
        {
          "index_key": 1,
          "schema_version": 1,
          "attributes": {
            "arn": "arn:aws:ec2:ap-south-1:535630329499:subnet/subnet-067de381e7a651fc4",
            "assign_ipv6_address_on_creation": false,
            "availability_zone": "ap-south-1b",
            "availability_zone_id": "aps1-az3",
            "cidr_block": "10.0.5.0/24",
            "customer_owned_ipv4_pool": "",
            "id": "subnet-067de381e7a651fc4",
            "ipv6_cidr_block": "",
            "ipv6_cidr_block_association_id": "",
            "map_customer_owned_ip_on_launch": false,
            "map_public_ip_on_launch": true,
            "outpost_arn": "",
            "owner_id": "535630329499",
            "tags": {
              "Cluster": "infra-vakyansh-systems",
              "Environment": "test",
              "Name": "infra-vakyansh-systems-public-ap-south-1b",
              "Project": "vakyansh",
              "kubernetes.io/cluster/infra-vakyansh-systems": "shared",
              "kubernetes.io/role/elb": "1"
            },
            "timeouts": null,
            "vpc_id": "vpc-0f25d3676071e43db"
          },
          "sensitive_attributes": [],
          "private": "eyJlMmJmYjczMC1lY2FhLTExZTYtOGY4OC0zNDM2M2JjN2M0YzAiOnsiY3JlYXRlIjo2MDAwMDAwMDAwMDAsImRlbGV0ZSI6MTIwMDAwMDAwMDAwMH0sInNjaGVtYV92ZXJzaW9uIjoiMSJ9",
          "dependencies": [
            "data.aws_availability_zones.available",
            "module.vpc.aws_subnet.private",
            "module.vpc.aws_vpc.this",
            "module.vpc.aws_vpc_ipv4_cidr_block_association.this"
          ],
          "create_before_destroy": true
        },
        {
          "index_key": 2,
          "schema_version": 1,
          "attributes": {
            "arn": "arn:aws:ec2:ap-south-1:535630329499:subnet/subnet-00b4edcf683df6392",
            "assign_ipv6_address_on_creation": false,
            "availability_zone": "ap-south-1c",
            "availability_zone_id": "aps1-az2",
            "cidr_block": "10.0.6.0/24",
            "customer_owned_ipv4_pool": "",
            "id": "subnet-00b4edcf683df6392",
            "ipv6_cidr_block": "",
            "ipv6_cidr_block_association_id": "",
            "map_customer_owned_ip_on_launch": false,
            "map_public_ip_on_launch": true,
            "outpost_arn": "",
            "owner_id": "535630329499",
            "tags": {
              "Cluster": "infra-vakyansh-systems",
              "Environment": "test",
              "Name": "infra-vakyansh-systems-public-ap-south-1c",
              "Project": "vakyansh",
              "kubernetes.io/cluster/infra-vakyansh-systems": "shared",
              "kubernetes.io/role/elb": "1"
            },
            "timeouts": null,
            "vpc_id": "vpc-0f25d3676071e43db"
          },
          "sensitive_attributes": [],
          "private": "eyJlMmJmYjczMC1lY2FhLTExZTYtOGY4OC0zNDM2M2JjN2M0YzAiOnsiY3JlYXRlIjo2MDAwMDAwMDAwMDAsImRlbGV0ZSI6MTIwMDAwMDAwMDAwMH0sInNjaGVtYV92ZXJzaW9uIjoiMSJ9",
          "dependencies": [
            "data.aws_availability_zones.available",
            "module.vpc.aws_subnet.private",
            "module.vpc.aws_vpc.this",
            "module.vpc.aws_vpc_ipv4_cidr_block_association.this"
          ],
          "create_before_destroy": true
        }
      ]
    },
    {
      "module": "module.vpc",
      "mode": "managed",
      "type": "aws_vpc",
      "name": "this",
      "provider": "provider[\"registry.terraform.io/hashicorp/aws\"]",
      "instances": [
        {
          "index_key": 0,
          "schema_version": 1,
          "attributes": {
            "arn": "arn:aws:ec2:ap-south-1:535630329499:vpc/vpc-0f25d3676071e43db",
            "assign_generated_ipv6_cidr_block": false,
            "cidr_block": "10.0.0.0/16",
            "default_network_acl_id": "acl-0a34566eb79e623d3",
            "default_route_table_id": "rtb-05e0e72c2fed04255",
            "default_security_group_id": "sg-032b0bf01ca00d369",
            "dhcp_options_id": "dopt-74e43f1f",
            "enable_classiclink": null,
            "enable_classiclink_dns_support": null,
            "enable_dns_hostnames": true,
            "enable_dns_support": true,
            "id": "vpc-0f25d3676071e43db",
            "instance_tenancy": "default",
            "ipv6_association_id": "",
            "ipv6_cidr_block": "",
            "main_route_table_id": "rtb-05e0e72c2fed04255",
            "owner_id": "535630329499",
            "tags": {
              "Cluster": "infra-vakyansh-systems",
              "Environment": "test",
              "Name": "infra-vakyansh-systems",
              "Project": "vakyansh"
            }
          },
          "sensitive_attributes": [],
          "private": "eyJzY2hlbWFfdmVyc2lvbiI6IjEifQ==",
          "create_before_destroy": true
        }
      ]
    }
  ]
}
